// !$*UTF8*$!
{
	archiveVersion = 1;
	classes = {
	};
	objectVersion = 46;
	objects = {

/* Begin PBXBuildFile section */
		BBC002B11A9BEB8F00099DD8 /* main.m in Sources */ = {isa = PBXBuildFile; fileRef = BBC002B01A9BEB8F00099DD8 /* main.m */; };
		BBC002B41A9BEB8F00099DD8 /* AppDelegate.m in Sources */ = {isa = PBXBuildFile; fileRef = BBC002B31A9BEB8F00099DD8 /* AppDelegate.m */; };
		BBC002B71A9BEB8F00099DD8 /* ViewController.m in Sources */ = {isa = PBXBuildFile; fileRef = BBC002B61A9BEB8F00099DD8 /* ViewController.m */; };
		BBC002BA1A9BEB8F00099DD8 /* Main.storyboard in Resources */ = {isa = PBXBuildFile; fileRef = BBC002B81A9BEB8F00099DD8 /* Main.storyboard */; };
		BBC002BC1A9BEB8F00099DD8 /* Images.xcassets in Resources */ = {isa = PBXBuildFile; fileRef = BBC002BB1A9BEB8F00099DD8 /* Images.xcassets */; };
		BBC002BF1A9BEB8F00099DD8 /* LaunchScreen.xib in Resources */ = {isa = PBXBuildFile; fileRef = BBC002BD1A9BEB8F00099DD8 /* LaunchScreen.xib */; };
		BBC002CB1A9BEB8F00099DD8 /* myVideoFunTests.m in Sources */ = {isa = PBXBuildFile; fileRef = BBC002CA1A9BEB8F00099DD8 /* myVideoFunTests.m */; };
/* End PBXBuildFile section */

/* Begin PBXContainerItemProxy section */
		BBC002C51A9BEB8F00099DD8 /* PBXContainerItemProxy */ = {
			isa = PBXContainerItemProxy;
			containerPortal = BBC002A31A9BEB8F00099DD8 /* Project object */;
			proxyType = 1;
			remoteGlobalIDString = BBC002AA1A9BEB8F00099DD8;
			remoteInfo = myVideoFun;
		};
/* End PBXContainerItemProxy section */

/* Begin PBXFileReference section */
		BBC002AB1A9BEB8F00099DD8 /* myVideoFun.app */ = {isa = PBXFileReference; explicitFileType = wrapper.application; includeInIndex = 0; path = myVideoFun.app; sourceTree = BUILT_PRODUCTS_DIR; };
		BBC002AF1A9BEB8F00099DD8 /* Info.plist */ = {isa = PBXFileReference; lastKnownFileType = text.plist.xml; path = Info.plist; sourceTree = "<group>"; };
		BBC002B01A9BEB8F00099DD8 /* main.m */ = {isa = PBXFileReference; lastKnownFileType = sourcecode.c.objc; path = main.m; sourceTree = "<group>"; };
		BBC002B21A9BEB8F00099DD8 /* AppDelegate.h */ = {isa = PBXFileReference; lastKnownFileType = sourcecode.c.h; path = AppDelegate.h; sourceTree = "<group>"; };
		BBC002B31A9BEB8F00099DD8 /* AppDelegate.m */ = {isa = PBXFileReference; lastKnownFileType = sourcecode.c.objc; path = AppDelegate.m; sourceTree = "<group>"; };
		BBC002B51A9BEB8F00099DD8 /* ViewController.h */ = {isa = PBXFileReference; lastKnownFileType = sourcecode.c.h; path = ViewController.h; sourceTree = "<group>"; };
		BBC002B61A9BEB8F00099DD8 /* ViewController.m */ = {isa = PBXFileReference; lastKnownFileType = sourcecode.c.objc; path = ViewController.m; sourceTree = "<group>"; };
		BBC002B91A9BEB8F00099DD8 /* Base */ = {isa = PBXFileReference; lastKnownFileType = file.storyboard; name = Base; path = Base.lproj/Main.storyboard; sourceTree = "<group>"; };
		BBC002BB1A9BEB8F00099DD8 /* Images.xcassets */ = {isa = PBXFileReference; lastKnownFileType = folder.assetcatalog; path = Images.xcassets; sourceTree = "<group>"; };
		BBC002BE1A9BEB8F00099DD8 /* Base */ = {isa = PBXFileReference; lastKnownFileType = file.xib; name = Base; path = Base.lproj/LaunchScreen.xib; sourceTree = "<group>"; };
		BBC002C41A9BEB8F00099DD8 /* myVideoFunTests.xctest */ = {isa = PBXFileReference; explicitFileType = wrapper.cfbundle; includeInIndex = 0; path = myVideoFunTests.xctest; sourceTree = BUILT_PRODUCTS_DIR; };
		BBC002C91A9BEB8F00099DD8 /* Info.plist */ = {isa = PBXFileReference; lastKnownFileType = text.plist.xml; path = Info.plist; sourceTree = "<group>"; };
		BBC002CA1A9BEB8F00099DD8 /* myVideoFunTests.m */ = {isa = PBXFileReference; lastKnownFileType = sourcecode.c.objc; path = myVideoFunTests.m; sourceTree = "<group>"; };
/* End PBXFileReference section */

/* Begin PBXFrameworksBuildPhase section */
		BBC002A81A9BEB8F00099DD8 /* Frameworks */ = {
			isa = PBXFrameworksBuildPhase;
			buildActionMask = 2147483647;
			files = (
			);
			runOnlyForDeploymentPostprocessing = 0;
		};
		BBC002C11A9BEB8F00099DD8 /* Frameworks */ = {
			isa = PBXFrameworksBuildPhase;
			buildActionMask = 2147483647;
			files = (
			);
			runOnlyForDeploymentPostprocessing = 0;
		};
/* End PBXFrameworksBuildPhase section */

/* Begin PBXGroup section */
		BBC002A21A9BEB8F00099DD8 = {
			isa = PBXGroup;
			children = (
				BBC002AD1A9BEB8F00099DD8 /* myVideoFun */,
				BBC002C71A9BEB8F00099DD8 /* myVideoFunTests */,
				BBC002AC1A9BEB8F00099DD8 /* Products */,
			);
			sourceTree = "<group>";
		};
		BBC002AC1A9BEB8F00099DD8 /* Products */ = {
			isa = PBXGroup;
			children = (
				BBC002AB1A9BEB8F00099DD8 /* myVideoFun.app */,
				BBC002C41A9BEB8F00099DD8 /* myVideoFunTests.xctest */,
			);
			name = Products;
			sourceTree = "<group>";
		};
		BBC002AD1A9BEB8F00099DD8 /* myVideoFun */ = {
			isa = PBXGroup;
			children = (
				BBC002B21A9BEB8F00099DD8 /* AppDelegate.h */,
				BBC002B31A9BEB8F00099DD8 /* AppDelegate.m */,
				BBC002B51A9BEB8F00099DD8 /* ViewController.h */,
				BBC002B61A9BEB8F00099DD8 /* ViewController.m */,
				BBC002B81A9BEB8F00099DD8 /* Main.storyboard */,
				BBC002BB1A9BEB8F00099DD8 /* Images.xcassets */,
				BBC002BD1A9BEB8F00099DD8 /* LaunchScreen.xib */,
				BBC002AE1A9BEB8F00099DD8 /* Supporting Files */,
			);
			path = myVideoFun;
			sourceTree = "<group>";
		};
		BBC002AE1A9BEB8F00099DD8 /* Supporting Files */ = {
			isa = PBXGroup;
			children = (
				BBC002AF1A9BEB8F00099DD8 /* Info.plist */,
				BBC002B01A9BEB8F00099DD8 /* main.m */,
			);
			name = "Supporting Files";
			sourceTree = "<group>";
		};
		BBC002C71A9BEB8F00099DD8 /* myVideoFunTests */ = {
			isa = PBXGroup;
			children = (
				BBC002CA1A9BEB8F00099DD8 /* myVideoFunTests.m */,
				BBC002C81A9BEB8F00099DD8 /* Supporting Files */,
			);
			path = myVideoFunTests;
			sourceTree = "<group>";
		};
		BBC002C81A9BEB8F00099DD8 /* Supporting Files */ = {
			isa = PBXGroup;
			children = (
				BBC002C91A9BEB8F00099DD8 /* Info.plist */,
			);
			name = "Supporting Files";
			sourceTree = "<group>";
		};
/* End PBXGroup section */

/* Begin PBXNativeTarget section */
		BBC002AA1A9BEB8F00099DD8 /* myVideoFun */ = {
			isa = PBXNativeTarget;
			buildConfigurationList = BBC002CE1A9BEB8F00099DD8 /* Build configuration list for PBXNativeTarget "myVideoFun" */;
			buildPhases = (
				BBC002A71A9BEB8F00099DD8 /* Sources */,
				BBC002A81A9BEB8F00099DD8 /* Frameworks */,
				BBC002A91A9BEB8F00099DD8 /* Resources */,
			);
			buildRules = (
			);
			dependencies = (
			);
			name = myVideoFun;
			productName = myVideoFun;
			productReference = BBC002AB1A9BEB8F00099DD8 /* myVideoFun.app */;
			productType = "com.apple.product-type.application";
		};
		BBC002C31A9BEB8F00099DD8 /* myVideoFunTests */ = {
			isa = PBXNativeTarget;
			buildConfigurationList = BBC002D11A9BEB8F00099DD8 /* Build configuration list for PBXNativeTarget "myVideoFunTests" */;
			buildPhases = (
				BBC002C01A9BEB8F00099DD8 /* Sources */,
				BBC002C11A9BEB8F00099DD8 /* Frameworks */,
				BBC002C21A9BEB8F00099DD8 /* Resources */,
			);
			buildRules = (
			);
			dependencies = (
				BBC002C61A9BEB8F00099DD8 /* PBXTargetDependency */,
			);
			name = myVideoFunTests;
			productName = myVideoFunTests;
			productReference = BBC002C41A9BEB8F00099DD8 /* myVideoFunTests.xctest */;
			productType = "com.apple.product-type.bundle.unit-test";
		};
/* End PBXNativeTarget section */

/* Begin PBXProject section */
		BBC002A31A9BEB8F00099DD8 /* Project object */ = {
			isa = PBXProject;
			attributes = {
				LastUpgradeCheck = 0610;
				ORGANIZATIONNAME = Yukti;
				TargetAttributes = {
					BBC002AA1A9BEB8F00099DD8 = {
						CreatedOnToolsVersion = 6.1.1;
					};
					BBC002C31A9BEB8F00099DD8 = {
						CreatedOnToolsVersion = 6.1.1;
						TestTargetID = BBC002AA1A9BEB8F00099DD8;
					};
				};
			};
			buildConfigurationList = BBC002A61A9BEB8F00099DD8 /* Build configuration list for PBXProject "myVideoFun" */;
			compatibilityVersion = "Xcode 3.2";
			developmentRegion = English;
			hasScannedForEncodings = 0;
			knownRegions = (
				en,
				Base,
			);
			mainGroup = BBC002A21A9BEB8F00099DD8;
			productRefGroup = BBC002AC1A9BEB8F00099DD8 /* Products */;
			projectDirPath = "";
			projectRoot = "";
			targets = (
				BBC002AA1A9BEB8F00099DD8 /* myVideoFun */,
				BBC002C31A9BEB8F00099DD8 /* myVideoFunTests */,
			);
		};
/* End PBXProject section */

/* Begin PBXResourcesBuildPhase section */
		BBC002A91A9BEB8F00099DD8 /* Resources */ = {
			isa = PBXResourcesBuildPhase;
			buildActionMask = 2147483647;
			files = (
				BBC002BA1A9BEB8F00099DD8 /* Main.storyboard in Resources */,
				BBC002BF1A9BEB8F00099DD8 /* LaunchScreen.xib in Resources */,
				BBC002BC1A9BEB8F00099DD8 /* Images.xcassets in Resources */,
			);
			runOnlyForDeploymentPostprocessing = 0;
		};
		BBC002C21A9BEB8F00099DD8 /* Resources */ = {
			isa = PBXResourcesBuildPhase;
			buildActionMask = 2147483647;
			files = (
			);
			runOnlyForDeploymentPostprocessing = 0;
		};
/* End PBXResourcesBuildPhase section */

/* Begin PBXSourcesBuildPhase section */
		BBC002A71A9BEB8F00099DD8 /* Sources */ = {
			isa = PBXSourcesBuildPhase;
			buildActionMask = 2147483647;
			files = (
				BBC002B71A9BEB8F00099DD8 /* ViewController.m in Sources */,
				BBC002B41A9BEB8F00099DD8 /* AppDelegate.m in Sources */,
				BBC002B11A9BEB8F00099DD8 /* main.m in Sources */,
			);
			runOnlyForDeploymentPostprocessing = 0;
		};
		BBC002C01A9BEB8F00099DD8 /* Sources */ = {
			isa = PBXSourcesBuildPhase;
			buildActionMask = 2147483647;
			files = (
				BBC002CB1A9BEB8F00099DD8 /* myVideoFunTests.m in Sources */,
			);
			runOnlyForDeploymentPostprocessing = 0;
		};
/* End PBXSourcesBuildPhase section */

/* Begin PBXTargetDependency section */
		BBC002C61A9BEB8F00099DD8 /* PBXTargetDependency */ = {
			isa = PBXTargetDependency;
			target = BBC002AA1A9BEB8F00099DD8 /* myVideoFun */;
			targetProxy = BBC002C51A9BEB8F00099DD8 /* PBXContainerItemProxy */;
		};
/* End PBXTargetDependency section */

/* Begin PBXVariantGroup section */
		BBC002B81A9BEB8F00099DD8 /* Main.storyboard */ = {
			isa = PBXVariantGroup;
			children = (
				BBC002B91A9BEB8F00099DD8 /* Base */,
			);
			name = Main.storyboard;
			sourceTree = "<group>";
		};
		BBC002BD1A9BEB8F00099DD8 /* LaunchScreen.xib */ = {
			isa = PBXVariantGroup;
			children = (
				BBC002BE1A9BEB8F00099DD8 /* Base */,
			);
			name = LaunchScreen.xib;
			sourceTree = "<group>";
		};
/* End PBXVariantGroup section */

/* Begin XCBuildConfiguration section */
		BBC002CC1A9BEB8F00099DD8 /* Debug */ = {
			isa = XCBuildConfiguration;
			buildSettings = {
				ALWAYS_SEARCH_USER_PATHS = NO;
				CLANG_CXX_LANGUAGE_STANDARD = "gnu++0x";
				CLANG_CXX_LIBRARY = "libc++";
				CLANG_ENABLE_MODULES = YES;
				CLANG_ENABLE_OBJC_ARC = YES;
				CLANG_WARN_BOOL_CONVERSION = YES;
				CLANG_WARN_CONSTANT_CONVERSION = YES;
				CLANG_WARN_DIRECT_OBJC_ISA_USAGE = YES_ERROR;
				CLANG_WARN_EMPTY_BODY = YES;
				CLANG_WARN_ENUM_CONVERSION = YES;
				CLANG_WARN_INT_CONVERSION = YES;
				CLANG_WARN_OBJC_ROOT_CLASS = YES_ERROR;
				CLANG_WARN_UNREACHABLE_CODE = YES;
				CLANG_WARN__DUPLICATE_METHOD_MATCH = YES;
				"CODE_SIGN_IDENTITY[sdk=iphoneos*]" = "iPhone Developer";
				COPY_PHASE_STRIP = NO;
				ENABLE_STRICT_OBJC_MSGSEND = YES;
				GCC_C_LANGUAGE_STANDARD = gnu99;
				GCC_DYNAMIC_NO_PIC = NO;
				GCC_OPTIMIZATION_LEVEL = 0;
				GCC_PREPROCESSOR_DEFINITIONS = (
					"DEBUG=1",
					"$(inherited)",
				);
				GCC_SYMBOLS_PRIVATE_EXTERN = NO;
				GCC_WARN_64_TO_32_BIT_CONVERSION = YES;
				GCC_WARN_ABOUT_RETURN_TYPE = YES_ERROR;
				GCC_WARN_UNDECLARED_SELECTOR = YES;
				GCC_WARN_UNINITIALIZED_AUTOS = YES_AGGRESSIVE;
				GCC_WARN_UNUSED_FUNCTION = YES;
				GCC_WARN_UNUSED_VARIABLE = YES;
				IPHONEOS_DEPLOYMENT_TARGET = 8.1;
				MTL_ENABLE_DEBUG_INFO = YES;
				ONLY_ACTIVE_ARCH = YES;
				SDKROOT = iphoneos;
			};
			name = Debug;
		};
		BBC002CD1A9BEB8F00099DD8 /* Release */ = {
			isa = XCBuildConfiguration;
			buildSettings = {
				ALWAYS_SEARCH_USER_PATHS = NO;
				CLANG_CXX_LANGUAGE_STANDARD = "gnu++0x";
				CLANG_CXX_LIBRARY = "libc++";
				CLANG_ENABLE_MODULES = YES;
				CLANG_ENABLE_OBJC_ARC = YES;
				CLANG_WARN_BOOL_CONVERSION = YES;
				CLANG_WARN_CONSTANT_CONVERSION = YES;
				CLANG_WARN_DIRECT_OBJC_ISA_USAGE = YES_ERROR;
				CLANG_WARN_EMPTY_BODY = YES;
				CLANG_WARN_ENUM_CONVERSION = YES;
				CLANG_WARN_INT_CONVERSION = YES;
				CLANG_WARN_OBJC_ROOT_CLASS = YES_ERROR;
				CLANG_WARN_UNREACHABLE_CODE = YES;
				CLANG_WARN__DUPLICATE_METHOD_MATCH = YES;
				"CODE_SIGN_IDENTITY[sdk=iphoneos*]" = "iPhone Developer";
				COPY_PHASE_STRIP = YES;
				ENABLE_NS_ASSERTIONS = NO;
				ENABLE_STRICT_OBJC_MSGSEND = YES;
				GCC_C_LANGUAGE_STANDARD = gnu99;
				GCC_WARN_64_TO_32_BIT_CONVERSION = YES;
				GCC_WARN_ABOUT_RETURN_TYPE = YES_ERROR;
				GCC_WARN_UNDECLARED_SELECTOR = YES;
				GCC_WARN_UNINITIALIZED_AUTOS = YES_AGGRESSIVE;
				GCC_WARN_UNUSED_FUNCTION = YES;
				GCC_WARN_UNUSED_VARIABLE = YES;
				IPHONEOS_DEPLOYMENT_TARGET = 8.1;
				MTL_ENABLE_DEBUG_INFO = NO;
				SDKROOT = iphoneos;
				VALIDATE_PRODUCT = YES;
			};
			name = Release;
		};
		BBC002CF1A9BEB8F00099DD8 /* Debug */ = {
			isa = XCBuildConfiguration;
			buildSettings = {
				ASSETCATALOG_COMPILER_APPICON_NAME = AppIcon;
				INFOPLIST_FILE = myVideoFun/Info.plist;
				LD_RUNPATH_SEARCH_PATHS = "$(inherited) @executable_path/Frameworks";
				PRODUCT_NAME = "$(TARGET_NAME)";
			};
			name = Debug;
		};
		BBC002D01A9BEB8F00099DD8 /* Release */ = {
			isa = XCBuildConfiguration;
			buildSettings = {
				ASSETCATALOG_COMPILER_APPICON_NAME = AppIcon;
				INFOPLIST_FILE = myVideoFun/Info.plist;
				LD_RUNPATH_SEARCH_PATHS = "$(inherited) @executable_path/Frameworks";
				PRODUCT_NAME = "$(TARGET_NAME)";
			};
			name = Release;
		};
		BBC002D21A9BEB8F00099DD8 /* Debug */ = {
			isa = XCBuildConfiguration;
			buildSettings = {
				BUNDLE_LOADER = "$(TEST_HOST)";
				FRAMEWORK_SEARCH_PATHS = (
					"$(SDKROOT)/Developer/Library/Frameworks",
					"$(inherited)",
				);
				GCC_PREPROCESSOR_DEFINITIONS = (
					"DEBUG=1",
					"$(inherited)",
				);
				INFOPLIST_FILE = myVideoFunTests/Info.plist;
				LD_RUNPATH_SEARCH_PATHS = "$(inherited) @executable_path/Frameworks @loader_path/Frameworks";
				PRODUCT_NAME = "$(TARGET_NAME)";
				TEST_HOST = "$(BUILT_PRODUCTS_DIR)/myVideoFun.app/myVideoFun";
			};
			name = Debug;
		};
		BBC002D31A9BEB8F00099DD8 /* Release */ = {
			isa = XCBuildConfiguration;
			buildSettings = {
				BUNDLE_LOADER = "$(TEST_HOST)";
				FRAMEWORK_SEARCH_PATHS = (
					"$(SDKROOT)/Developer/Library/Frameworks",
					"$(inherited)",
				);
				INFOPLIST_FILE = myVideoFunTests/Info.plist;
				LD_RUNPATH_SEARCH_PATHS = "$(inherited) @executable_path/Frameworks @loader_path/Frameworks";
				PRODUCT_NAME = "$(TARGET_NAME)";
				TEST_HOST = "$(BUILT_PRODUCTS_DIR)/myVideoFun.app/myVideoFun";
			};
			name = Release;
		};
/* End XCBuildConfiguration section */

/* Begin XCConfigurationList section */
		BBC002A61A9BEB8F00099DD8 /* Build configuration list for PBXProject "myVideoFun" */ = {
			isa = XCConfigurationList;
			buildConfigurations = (
				BBC002CC1A9BEB8F00099DD8 /* Debug */,
				BBC002CD1A9BEB8F00099DD8 /* Release */,
			);
			defaultConfigurationIsVisible = 0;
			defaultConfigurationName = Release;
		};
		BBC002CE1A9BEB8F00099DD8 /* Build configuration list for PBXNativeTarget "myVideoFun" */ = {
			isa = XCConfigurationList;
			buildConfigurations = (
				BBC002CF1A9BEB8F00099DD8 /* Debug */,
				BBC002D01A9BEB8F00099DD8 /* Release */,
			);
			defaultConfigurationIsVisible = 0;
			defaultConfigurationName = Release;
		};
		BBC002D11A9BEB8F00099DD8 /* Build configuration list for PBXNativeTarget "myVideoFunTests" */ = {
			isa = XCConfigurationList;
			buildConfigurations = (
				BBC002D21A9BEB8F00099DD8 /* Debug */,
				BBC002D31A9BEB8F00099DD8 /* Release */,
			);
			defaultConfigurationIsVisible = 0;
			defaultConfigurationName = Release;
		};
/* End XCConfigurationList section */
	};
	rootObject = BBC002A31A9BEB8F00099DD8 /* Project object */;
}
