// !$*UTF8*$!
{
	archiveVersion = 1;
	classes = {
	};
	objectVersion = 46;
	objects = {

/* Begin PBXBuildFile section */
		86FEEE511A9BEB7F00CE9702 /* main.m in Sources */ = {isa = PBXBuildFile; fileRef = 86FEEE501A9BEB7F00CE9702 /* main.m */; };
		86FEEE541A9BEB7F00CE9702 /* AppDelegate.m in Sources */ = {isa = PBXBuildFile; fileRef = 86FEEE531A9BEB7F00CE9702 /* AppDelegate.m */; };
		86FEEE571A9BEB7F00CE9702 /* ViewController.m in Sources */ = {isa = PBXBuildFile; fileRef = 86FEEE561A9BEB7F00CE9702 /* ViewController.m */; };
		86FEEE5A1A9BEB8000CE9702 /* Main.storyboard in Resources */ = {isa = PBXBuildFile; fileRef = 86FEEE581A9BEB8000CE9702 /* Main.storyboard */; };
		86FEEE5C1A9BEB8000CE9702 /* Images.xcassets in Resources */ = {isa = PBXBuildFile; fileRef = 86FEEE5B1A9BEB8000CE9702 /* Images.xcassets */; };
		86FEEE5F1A9BEB8000CE9702 /* LaunchScreen.xib in Resources */ = {isa = PBXBuildFile; fileRef = 86FEEE5D1A9BEB8000CE9702 /* LaunchScreen.xib */; };
		86FEEE6B1A9BEB8000CE9702 /* VideoFunTests.m in Sources */ = {isa = PBXBuildFile; fileRef = 86FEEE6A1A9BEB8000CE9702 /* VideoFunTests.m */; };
/* End PBXBuildFile section */

/* Begin PBXContainerItemProxy section */
		86FEEE651A9BEB8000CE9702 /* PBXContainerItemProxy */ = {
			isa = PBXContainerItemProxy;
			containerPortal = 86FEEE431A9BEB7F00CE9702 /* Project object */;
			proxyType = 1;
			remoteGlobalIDString = 86FEEE4A1A9BEB7F00CE9702;
			remoteInfo = VideoFun;
		};
/* End PBXContainerItemProxy section */

/* Begin PBXFileReference section */
		86FEEE4B1A9BEB7F00CE9702 /* VideoFun.app */ = {isa = PBXFileReference; explicitFileType = wrapper.application; includeInIndex = 0; path = VideoFun.app; sourceTree = BUILT_PRODUCTS_DIR; };
		86FEEE4F1A9BEB7F00CE9702 /* Info.plist */ = {isa = PBXFileReference; lastKnownFileType = text.plist.xml; path = Info.plist; sourceTree = "<group>"; };
		86FEEE501A9BEB7F00CE9702 /* main.m */ = {isa = PBXFileReference; lastKnownFileType = sourcecode.c.objc; path = main.m; sourceTree = "<group>"; };
		86FEEE521A9BEB7F00CE9702 /* AppDelegate.h */ = {isa = PBXFileReference; lastKnownFileType = sourcecode.c.h; path = AppDelegate.h; sourceTree = "<group>"; };
		86FEEE531A9BEB7F00CE9702 /* AppDelegate.m */ = {isa = PBXFileReference; lastKnownFileType = sourcecode.c.objc; path = AppDelegate.m; sourceTree = "<group>"; };
		86FEEE551A9BEB7F00CE9702 /* ViewController.h */ = {isa = PBXFileReference; lastKnownFileType = sourcecode.c.h; path = ViewController.h; sourceTree = "<group>"; };
		86FEEE561A9BEB7F00CE9702 /* ViewController.m */ = {isa = PBXFileReference; lastKnownFileType = sourcecode.c.objc; path = ViewController.m; sourceTree = "<group>"; };
		86FEEE591A9BEB8000CE9702 /* Base */ = {isa = PBXFileReference; lastKnownFileType = file.storyboard; name = Base; path = Base.lproj/Main.storyboard; sourceTree = "<group>"; };
		86FEEE5B1A9BEB8000CE9702 /* Images.xcassets */ = {isa = PBXFileReference; lastKnownFileType = folder.assetcatalog; path = Images.xcassets; sourceTree = "<group>"; };
		86FEEE5E1A9BEB8000CE9702 /* Base */ = {isa = PBXFileReference; lastKnownFileType = file.xib; name = Base; path = Base.lproj/LaunchScreen.xib; sourceTree = "<group>"; };
		86FEEE641A9BEB8000CE9702 /* VideoFunTests.xctest */ = {isa = PBXFileReference; explicitFileType = wrapper.cfbundle; includeInIndex = 0; path = VideoFunTests.xctest; sourceTree = BUILT_PRODUCTS_DIR; };
		86FEEE691A9BEB8000CE9702 /* Info.plist */ = {isa = PBXFileReference; lastKnownFileType = text.plist.xml; path = Info.plist; sourceTree = "<group>"; };
		86FEEE6A1A9BEB8000CE9702 /* VideoFunTests.m */ = {isa = PBXFileReference; lastKnownFileType = sourcecode.c.objc; path = VideoFunTests.m; sourceTree = "<group>"; };
/* End PBXFileReference section */

/* Begin PBXFrameworksBuildPhase section */
		86FEEE481A9BEB7F00CE9702 /* Frameworks */ = {
			isa = PBXFrameworksBuildPhase;
			buildActionMask = 2147483647;
			files = (
			);
			runOnlyForDeploymentPostprocessing = 0;
		};
		86FEEE611A9BEB8000CE9702 /* Frameworks */ = {
			isa = PBXFrameworksBuildPhase;
			buildActionMask = 2147483647;
			files = (
			);
			runOnlyForDeploymentPostprocessing = 0;
		};
/* End PBXFrameworksBuildPhase section */

/* Begin PBXGroup section */
		86FEEE421A9BEB7F00CE9702 = {
			isa = PBXGroup;
			children = (
				86FEEE4D1A9BEB7F00CE9702 /* VideoFun */,
				86FEEE671A9BEB8000CE9702 /* VideoFunTests */,
				86FEEE4C1A9BEB7F00CE9702 /* Products */,
			);
			sourceTree = "<group>";
		};
		86FEEE4C1A9BEB7F00CE9702 /* Products */ = {
			isa = PBXGroup;
			children = (
				86FEEE4B1A9BEB7F00CE9702 /* VideoFun.app */,
				86FEEE641A9BEB8000CE9702 /* VideoFunTests.xctest */,
			);
			name = Products;
			sourceTree = "<group>";
		};
		86FEEE4D1A9BEB7F00CE9702 /* VideoFun */ = {
			isa = PBXGroup;
			children = (
				86FEEE521A9BEB7F00CE9702 /* AppDelegate.h */,
				86FEEE531A9BEB7F00CE9702 /* AppDelegate.m */,
				86FEEE551A9BEB7F00CE9702 /* ViewController.h */,
				86FEEE561A9BEB7F00CE9702 /* ViewController.m */,
				86FEEE581A9BEB8000CE9702 /* Main.storyboard */,
				86FEEE5B1A9BEB8000CE9702 /* Images.xcassets */,
				86FEEE5D1A9BEB8000CE9702 /* LaunchScreen.xib */,
				86FEEE4E1A9BEB7F00CE9702 /* Supporting Files */,
			);
			path = VideoFun;
			sourceTree = "<group>";
		};
		86FEEE4E1A9BEB7F00CE9702 /* Supporting Files */ = {
			isa = PBXGroup;
			children = (
				86FEEE4F1A9BEB7F00CE9702 /* Info.plist */,
				86FEEE501A9BEB7F00CE9702 /* main.m */,
			);
			name = "Supporting Files";
			sourceTree = "<group>";
		};
		86FEEE671A9BEB8000CE9702 /* VideoFunTests */ = {
			isa = PBXGroup;
			children = (
				86FEEE6A1A9BEB8000CE9702 /* VideoFunTests.m */,
				86FEEE681A9BEB8000CE9702 /* Supporting Files */,
			);
			path = VideoFunTests;
			sourceTree = "<group>";
		};
		86FEEE681A9BEB8000CE9702 /* Supporting Files */ = {
			isa = PBXGroup;
			children = (
				86FEEE691A9BEB8000CE9702 /* Info.plist */,
			);
			name = "Supporting Files";
			sourceTree = "<group>";
		};
/* End PBXGroup section */

/* Begin PBXNativeTarget section */
		86FEEE4A1A9BEB7F00CE9702 /* VideoFun */ = {
			isa = PBXNativeTarget;
			buildConfigurationList = 86FEEE6E1A9BEB8000CE9702 /* Build configuration list for PBXNativeTarget "VideoFun" */;
			buildPhases = (
				86FEEE471A9BEB7F00CE9702 /* Sources */,
				86FEEE481A9BEB7F00CE9702 /* Frameworks */,
				86FEEE491A9BEB7F00CE9702 /* Resources */,
			);
			buildRules = (
			);
			dependencies = (
			);
			name = VideoFun;
			productName = VideoFun;
			productReference = 86FEEE4B1A9BEB7F00CE9702 /* VideoFun.app */;
			productType = "com.apple.product-type.application";
		};
		86FEEE631A9BEB8000CE9702 /* VideoFunTests */ = {
			isa = PBXNativeTarget;
			buildConfigurationList = 86FEEE711A9BEB8000CE9702 /* Build configuration list for PBXNativeTarget "VideoFunTests" */;
			buildPhases = (
				86FEEE601A9BEB8000CE9702 /* Sources */,
				86FEEE611A9BEB8000CE9702 /* Frameworks */,
				86FEEE621A9BEB8000CE9702 /* Resources */,
			);
			buildRules = (
			);
			dependencies = (
				86FEEE661A9BEB8000CE9702 /* PBXTargetDependency */,
			);
			name = VideoFunTests;
			productName = VideoFunTests;
			productReference = 86FEEE641A9BEB8000CE9702 /* VideoFunTests.xctest */;
			productType = "com.apple.product-type.bundle.unit-test";
		};
/* End PBXNativeTarget section */

/* Begin PBXProject section */
		86FEEE431A9BEB7F00CE9702 /* Project object */ = {
			isa = PBXProject;
			attributes = {
				LastUpgradeCheck = 0610;
				ORGANIZATIONNAME = "Tim Novikoff";
				TargetAttributes = {
					86FEEE4A1A9BEB7F00CE9702 = {
						CreatedOnToolsVersion = 6.1.1;
					};
					86FEEE631A9BEB8000CE9702 = {
						CreatedOnToolsVersion = 6.1.1;
						TestTargetID = 86FEEE4A1A9BEB7F00CE9702;
					};
				};
			};
			buildConfigurationList = 86FEEE461A9BEB7F00CE9702 /* Build configuration list for PBXProject "VideoFun" */;
			compatibilityVersion = "Xcode 3.2";
			developmentRegion = English;
			hasScannedForEncodings = 0;
			knownRegions = (
				en,
				Base,
			);
			mainGroup = 86FEEE421A9BEB7F00CE9702;
			productRefGroup = 86FEEE4C1A9BEB7F00CE9702 /* Products */;
			projectDirPath = "";
			projectRoot = "";
			targets = (
				86FEEE4A1A9BEB7F00CE9702 /* VideoFun */,
				86FEEE631A9BEB8000CE9702 /* VideoFunTests */,
			);
		};
/* End PBXProject section */

/* Begin PBXResourcesBuildPhase section */
		86FEEE491A9BEB7F00CE9702 /* Resources */ = {
			isa = PBXResourcesBuildPhase;
			buildActionMask = 2147483647;
			files = (
				86FEEE5A1A9BEB8000CE9702 /* Main.storyboard in Resources */,
				86FEEE5F1A9BEB8000CE9702 /* LaunchScreen.xib in Resources */,
				86FEEE5C1A9BEB8000CE9702 /* Images.xcassets in Resources */,
			);
			runOnlyForDeploymentPostprocessing = 0;
		};
		86FEEE621A9BEB8000CE9702 /* Resources */ = {
			isa = PBXResourcesBuildPhase;
			buildActionMask = 2147483647;
			files = (
			);
			runOnlyForDeploymentPostprocessing = 0;
		};
/* End PBXResourcesBuildPhase section */

/* Begin PBXSourcesBuildPhase section */
		86FEEE471A9BEB7F00CE9702 /* Sources */ = {
			isa = PBXSourcesBuildPhase;
			buildActionMask = 2147483647;
			files = (
				86FEEE571A9BEB7F00CE9702 /* ViewController.m in Sources */,
				86FEEE541A9BEB7F00CE9702 /* AppDelegate.m in Sources */,
				86FEEE511A9BEB7F00CE9702 /* main.m in Sources */,
			);
			runOnlyForDeploymentPostprocessing = 0;
		};
		86FEEE601A9BEB8000CE9702 /* Sources */ = {
			isa = PBXSourcesBuildPhase;
			buildActionMask = 2147483647;
			files = (
				86FEEE6B1A9BEB8000CE9702 /* VideoFunTests.m in Sources */,
			);
			runOnlyForDeploymentPostprocessing = 0;
		};
/* End PBXSourcesBuildPhase section */

/* Begin PBXTargetDependency section */
		86FEEE661A9BEB8000CE9702 /* PBXTargetDependency */ = {
			isa = PBXTargetDependency;
			target = 86FEEE4A1A9BEB7F00CE9702 /* VideoFun */;
			targetProxy = 86FEEE651A9BEB8000CE9702 /* PBXContainerItemProxy */;
		};
/* End PBXTargetDependency section */

/* Begin PBXVariantGroup section */
		86FEEE581A9BEB8000CE9702 /* Main.storyboard */ = {
			isa = PBXVariantGroup;
			children = (
				86FEEE591A9BEB8000CE9702 /* Base */,
			);
			name = Main.storyboard;
			sourceTree = "<group>";
		};
		86FEEE5D1A9BEB8000CE9702 /* LaunchScreen.xib */ = {
			isa = PBXVariantGroup;
			children = (
				86FEEE5E1A9BEB8000CE9702 /* Base */,
			);
			name = LaunchScreen.xib;
			sourceTree = "<group>";
		};
/* End PBXVariantGroup section */

/* Begin XCBuildConfiguration section */
		86FEEE6C1A9BEB8000CE9702 /* Debug */ = {
			isa = XCBuildConfiguration;
			buildSettings = {
				ALWAYS_SEARCH_USER_PATHS = NO;
				CLANG_CXX_LANGUAGE_STANDARD = "gnu++0x";
				CLANG_CXX_LIBRARY = "libc++";
				CLANG_ENABLE_MODULES = YES;
				CLANG_ENABLE_OBJC_ARC = YES;
				CLANG_WARN_BOOL_CONVERSION = YES;
				CLANG_WARN_CONSTANT_CONVERSION = YES;
				CLANG_WARN_DIRECT_OBJC_ISA_USAGE = YES_ERROR;
				CLANG_WARN_EMPTY_BODY = YES;
				CLANG_WARN_ENUM_CONVERSION = YES;
				CLANG_WARN_INT_CONVERSION = YES;
				CLANG_WARN_OBJC_ROOT_CLASS = YES_ERROR;
				CLANG_WARN_UNREACHABLE_CODE = YES;
				CLANG_WARN__DUPLICATE_METHOD_MATCH = YES;
				"CODE_SIGN_IDENTITY[sdk=iphoneos*]" = "iPhone Developer";
				COPY_PHASE_STRIP = NO;
				ENABLE_STRICT_OBJC_MSGSEND = YES;
				GCC_C_LANGUAGE_STANDARD = gnu99;
				GCC_DYNAMIC_NO_PIC = NO;
				GCC_OPTIMIZATION_LEVEL = 0;
				GCC_PREPROCESSOR_DEFINITIONS = (
					"DEBUG=1",
					"$(inherited)",
				);
				GCC_SYMBOLS_PRIVATE_EXTERN = NO;
				GCC_WARN_64_TO_32_BIT_CONVERSION = YES;
				GCC_WARN_ABOUT_RETURN_TYPE = YES_ERROR;
				GCC_WARN_UNDECLARED_SELECTOR = YES;
				GCC_WARN_UNINITIALIZED_AUTOS = YES_AGGRESSIVE;
				GCC_WARN_UNUSED_FUNCTION = YES;
				GCC_WARN_UNUSED_VARIABLE = YES;
				IPHONEOS_DEPLOYMENT_TARGET = 8.1;
				MTL_ENABLE_DEBUG_INFO = YES;
				ONLY_ACTIVE_ARCH = YES;
				SDKROOT = iphoneos;
			};
			name = Debug;
		};
		86FEEE6D1A9BEB8000CE9702 /* Release */ = {
			isa = XCBuildConfiguration;
			buildSettings = {
				ALWAYS_SEARCH_USER_PATHS = NO;
				CLANG_CXX_LANGUAGE_STANDARD = "gnu++0x";
				CLANG_CXX_LIBRARY = "libc++";
				CLANG_ENABLE_MODULES = YES;
				CLANG_ENABLE_OBJC_ARC = YES;
				CLANG_WARN_BOOL_CONVERSION = YES;
				CLANG_WARN_CONSTANT_CONVERSION = YES;
				CLANG_WARN_DIRECT_OBJC_ISA_USAGE = YES_ERROR;
				CLANG_WARN_EMPTY_BODY = YES;
				CLANG_WARN_ENUM_CONVERSION = YES;
				CLANG_WARN_INT_CONVERSION = YES;
				CLANG_WARN_OBJC_ROOT_CLASS = YES_ERROR;
				CLANG_WARN_UNREACHABLE_CODE = YES;
				CLANG_WARN__DUPLICATE_METHOD_MATCH = YES;
				"CODE_SIGN_IDENTITY[sdk=iphoneos*]" = "iPhone Developer";
				COPY_PHASE_STRIP = YES;
				ENABLE_NS_ASSERTIONS = NO;
				ENABLE_STRICT_OBJC_MSGSEND = YES;
				GCC_C_LANGUAGE_STANDARD = gnu99;
				GCC_WARN_64_TO_32_BIT_CONVERSION = YES;
				GCC_WARN_ABOUT_RETURN_TYPE = YES_ERROR;
				GCC_WARN_UNDECLARED_SELECTOR = YES;
				GCC_WARN_UNINITIALIZED_AUTOS = YES_AGGRESSIVE;
				GCC_WARN_UNUSED_FUNCTION = YES;
				GCC_WARN_UNUSED_VARIABLE = YES;
				IPHONEOS_DEPLOYMENT_TARGET = 8.1;
				MTL_ENABLE_DEBUG_INFO = NO;
				SDKROOT = iphoneos;
				VALIDATE_PRODUCT = YES;
			};
			name = Release;
		};
		86FEEE6F1A9BEB8000CE9702 /* Debug */ = {
			isa = XCBuildConfiguration;
			buildSettings = {
				ASSETCATALOG_COMPILER_APPICON_NAME = AppIcon;
				INFOPLIST_FILE = VideoFun/Info.plist;
				LD_RUNPATH_SEARCH_PATHS = "$(inherited) @executable_path/Frameworks";
				PRODUCT_NAME = "$(TARGET_NAME)";
			};
			name = Debug;
		};
		86FEEE701A9BEB8000CE9702 /* Release */ = {
			isa = XCBuildConfiguration;
			buildSettings = {
				ASSETCATALOG_COMPILER_APPICON_NAME = AppIcon;
				INFOPLIST_FILE = VideoFun/Info.plist;
				LD_RUNPATH_SEARCH_PATHS = "$(inherited) @executable_path/Frameworks";
				PRODUCT_NAME = "$(TARGET_NAME)";
			};
			name = Release;
		};
		86FEEE721A9BEB8000CE9702 /* Debug */ = {
			isa = XCBuildConfiguration;
			buildSettings = {
				BUNDLE_LOADER = "$(TEST_HOST)";
				FRAMEWORK_SEARCH_PATHS = (
					"$(SDKROOT)/Developer/Library/Frameworks",
					"$(inherited)",
				);
				GCC_PREPROCESSOR_DEFINITIONS = (
					"DEBUG=1",
					"$(inherited)",
				);
				INFOPLIST_FILE = VideoFunTests/Info.plist;
				LD_RUNPATH_SEARCH_PATHS = "$(inherited) @executable_path/Frameworks @loader_path/Frameworks";
				PRODUCT_NAME = "$(TARGET_NAME)";
				TEST_HOST = "$(BUILT_PRODUCTS_DIR)/VideoFun.app/VideoFun";
			};
			name = Debug;
		};
		86FEEE731A9BEB8000CE9702 /* Release */ = {
			isa = XCBuildConfiguration;
			buildSettings = {
				BUNDLE_LOADER = "$(TEST_HOST)";
				FRAMEWORK_SEARCH_PATHS = (
					"$(SDKROOT)/Developer/Library/Frameworks",
					"$(inherited)",
				);
				INFOPLIST_FILE = VideoFunTests/Info.plist;
				LD_RUNPATH_SEARCH_PATHS = "$(inherited) @executable_path/Frameworks @loader_path/Frameworks";
				PRODUCT_NAME = "$(TARGET_NAME)";
				TEST_HOST = "$(BUILT_PRODUCTS_DIR)/VideoFun.app/VideoFun";
			};
			name = Release;
		};
/* End XCBuildConfiguration section */

/* Begin XCConfigurationList section */
		86FEEE461A9BEB7F00CE9702 /* Build configuration list for PBXProject "VideoFun" */ = {
			isa = XCConfigurationList;
			buildConfigurations = (
				86FEEE6C1A9BEB8000CE9702 /* Debug */,
				86FEEE6D1A9BEB8000CE9702 /* Release */,
			);
			defaultConfigurationIsVisible = 0;
			defaultConfigurationName = Release;
		};
		86FEEE6E1A9BEB8000CE9702 /* Build configuration list for PBXNativeTarget "VideoFun" */ = {
			isa = XCConfigurationList;
			buildConfigurations = (
				86FEEE6F1A9BEB8000CE9702 /* Debug */,
				86FEEE701A9BEB8000CE9702 /* Release */,
			);
			defaultConfigurationIsVisible = 0;
		};
		86FEEE711A9BEB8000CE9702 /* Build configuration list for PBXNativeTarget "VideoFunTests" */ = {
			isa = XCConfigurationList;
			buildConfigurations = (
				86FEEE721A9BEB8000CE9702 /* Debug */,
				86FEEE731A9BEB8000CE9702 /* Release */,
			);
			defaultConfigurationIsVisible = 0;
		};
/* End XCConfigurationList section */
	};
	rootObject = 86FEEE431A9BEB7F00CE9702 /* Project object */;
}
