// !$*UTF8*$!
{
	archiveVersion = 1;
	classes = {
	};
	objectVersion = 46;
	objects = {

/* Begin PBXBuildFile section */
		BBFE81291AAE55CB00EB7BD1 /* main.m in Sources */ = {isa = PBXBuildFile; fileRef = BBFE81281AAE55CB00EB7BD1 /* main.m */; };
		BBFE812C1AAE55CB00EB7BD1 /* AppDelegate.m in Sources */ = {isa = PBXBuildFile; fileRef = BBFE812B1AAE55CB00EB7BD1 /* AppDelegate.m */; };
		BBFE812F1AAE55CB00EB7BD1 /* GameScene.m in Sources */ = {isa = PBXBuildFile; fileRef = BBFE812E1AAE55CB00EB7BD1 /* GameScene.m */; };
		BBFE81341AAE55CB00EB7BD1 /* GameViewController.m in Sources */ = {isa = PBXBuildFile; fileRef = BBFE81331AAE55CB00EB7BD1 /* GameViewController.m */; };
		BBFE81371AAE55CB00EB7BD1 /* Main.storyboard in Resources */ = {isa = PBXBuildFile; fileRef = BBFE81351AAE55CB00EB7BD1 /* Main.storyboard */; };
		BBFE81391AAE55CB00EB7BD1 /* Images.xcassets in Resources */ = {isa = PBXBuildFile; fileRef = BBFE81381AAE55CB00EB7BD1 /* Images.xcassets */; };
		BBFE813C1AAE55CB00EB7BD1 /* LaunchScreen.xib in Resources */ = {isa = PBXBuildFile; fileRef = BBFE813A1AAE55CB00EB7BD1 /* LaunchScreen.xib */; };
		BBFE81481AAE55CB00EB7BD1 /* CrappyBirdTests.m in Sources */ = {isa = PBXBuildFile; fileRef = BBFE81471AAE55CB00EB7BD1 /* CrappyBirdTests.m */; };
		BBFE81531AAE648800EB7BD1 /* CPPipeSpriteNode.m in Sources */ = {isa = PBXBuildFile; fileRef = BBFE81521AAE648800EB7BD1 /* CPPipeSpriteNode.m */; };
		BBFE81551AAE76EE00EB7BD1 /* punch3.mp3 in Resources */ = {isa = PBXBuildFile; fileRef = BBFE81541AAE76EE00EB7BD1 /* punch3.mp3 */; };
/* End PBXBuildFile section */

/* Begin PBXContainerItemProxy section */
		BBFE81421AAE55CB00EB7BD1 /* PBXContainerItemProxy */ = {
			isa = PBXContainerItemProxy;
			containerPortal = BBFE811B1AAE55CB00EB7BD1 /* Project object */;
			proxyType = 1;
			remoteGlobalIDString = BBFE81221AAE55CB00EB7BD1;
			remoteInfo = CrappyBird;
		};
/* End PBXContainerItemProxy section */

/* Begin PBXFileReference section */
		BBFE81231AAE55CB00EB7BD1 /* CrappyBird.app */ = {isa = PBXFileReference; explicitFileType = wrapper.application; includeInIndex = 0; path = CrappyBird.app; sourceTree = BUILT_PRODUCTS_DIR; };
		BBFE81271AAE55CB00EB7BD1 /* Info.plist */ = {isa = PBXFileReference; lastKnownFileType = text.plist.xml; path = Info.plist; sourceTree = "<group>"; };
		BBFE81281AAE55CB00EB7BD1 /* main.m */ = {isa = PBXFileReference; lastKnownFileType = sourcecode.c.objc; path = main.m; sourceTree = "<group>"; };
		BBFE812A1AAE55CB00EB7BD1 /* AppDelegate.h */ = {isa = PBXFileReference; lastKnownFileType = sourcecode.c.h; path = AppDelegate.h; sourceTree = "<group>"; };
		BBFE812B1AAE55CB00EB7BD1 /* AppDelegate.m */ = {isa = PBXFileReference; lastKnownFileType = sourcecode.c.objc; path = AppDelegate.m; sourceTree = "<group>"; };
		BBFE812D1AAE55CB00EB7BD1 /* GameScene.h */ = {isa = PBXFileReference; lastKnownFileType = sourcecode.c.h; path = GameScene.h; sourceTree = "<group>"; };
		BBFE812E1AAE55CB00EB7BD1 /* GameScene.m */ = {isa = PBXFileReference; lastKnownFileType = sourcecode.c.objc; path = GameScene.m; sourceTree = "<group>"; };
		BBFE81321AAE55CB00EB7BD1 /* GameViewController.h */ = {isa = PBXFileReference; lastKnownFileType = sourcecode.c.h; path = GameViewController.h; sourceTree = "<group>"; };
		BBFE81331AAE55CB00EB7BD1 /* GameViewController.m */ = {isa = PBXFileReference; lastKnownFileType = sourcecode.c.objc; path = GameViewController.m; sourceTree = "<group>"; };
		BBFE81361AAE55CB00EB7BD1 /* Base */ = {isa = PBXFileReference; lastKnownFileType = file.storyboard; name = Base; path = Base.lproj/Main.storyboard; sourceTree = "<group>"; };
		BBFE81381AAE55CB00EB7BD1 /* Images.xcassets */ = {isa = PBXFileReference; lastKnownFileType = folder.assetcatalog; path = Images.xcassets; sourceTree = "<group>"; };
		BBFE813B1AAE55CB00EB7BD1 /* Base */ = {isa = PBXFileReference; lastKnownFileType = file.xib; name = Base; path = Base.lproj/LaunchScreen.xib; sourceTree = "<group>"; };
		BBFE81411AAE55CB00EB7BD1 /* CrappyBirdTests.xctest */ = {isa = PBXFileReference; explicitFileType = wrapper.cfbundle; includeInIndex = 0; path = CrappyBirdTests.xctest; sourceTree = BUILT_PRODUCTS_DIR; };
		BBFE81461AAE55CB00EB7BD1 /* Info.plist */ = {isa = PBXFileReference; lastKnownFileType = text.plist.xml; path = Info.plist; sourceTree = "<group>"; };
		BBFE81471AAE55CB00EB7BD1 /* CrappyBirdTests.m */ = {isa = PBXFileReference; lastKnownFileType = sourcecode.c.objc; path = CrappyBirdTests.m; sourceTree = "<group>"; };
		BBFE81511AAE648800EB7BD1 /* CPPipeSpriteNode.h */ = {isa = PBXFileReference; fileEncoding = 4; lastKnownFileType = sourcecode.c.h; path = CPPipeSpriteNode.h; sourceTree = "<group>"; };
		BBFE81521AAE648800EB7BD1 /* CPPipeSpriteNode.m */ = {isa = PBXFileReference; fileEncoding = 4; lastKnownFileType = sourcecode.c.objc; path = CPPipeSpriteNode.m; sourceTree = "<group>"; };
		BBFE81541AAE76EE00EB7BD1 /* punch3.mp3 */ = {isa = PBXFileReference; lastKnownFileType = audio.mp3; path = punch3.mp3; sourceTree = "<group>"; };
/* End PBXFileReference section */

/* Begin PBXFrameworksBuildPhase section */
		BBFE81201AAE55CB00EB7BD1 /* Frameworks */ = {
			isa = PBXFrameworksBuildPhase;
			buildActionMask = 2147483647;
			files = (
			);
			runOnlyForDeploymentPostprocessing = 0;
		};
		BBFE813E1AAE55CB00EB7BD1 /* Frameworks */ = {
			isa = PBXFrameworksBuildPhase;
			buildActionMask = 2147483647;
			files = (
			);
			runOnlyForDeploymentPostprocessing = 0;
		};
/* End PBXFrameworksBuildPhase section */

/* Begin PBXGroup section */
		BBFE811A1AAE55CB00EB7BD1 = {
			isa = PBXGroup;
			children = (
				BBFE81251AAE55CB00EB7BD1 /* CrappyBird */,
				BBFE81441AAE55CB00EB7BD1 /* CrappyBirdTests */,
				BBFE81241AAE55CB00EB7BD1 /* Products */,
			);
			sourceTree = "<group>";
		};
		BBFE81241AAE55CB00EB7BD1 /* Products */ = {
			isa = PBXGroup;
			children = (
				BBFE81231AAE55CB00EB7BD1 /* CrappyBird.app */,
				BBFE81411AAE55CB00EB7BD1 /* CrappyBirdTests.xctest */,
			);
			name = Products;
			sourceTree = "<group>";
		};
		BBFE81251AAE55CB00EB7BD1 /* CrappyBird */ = {
			isa = PBXGroup;
			children = (
				BBFE812A1AAE55CB00EB7BD1 /* AppDelegate.h */,
				BBFE812B1AAE55CB00EB7BD1 /* AppDelegate.m */,
				BBFE812D1AAE55CB00EB7BD1 /* GameScene.h */,
				BBFE812E1AAE55CB00EB7BD1 /* GameScene.m */,
				BBFE81511AAE648800EB7BD1 /* CPPipeSpriteNode.h */,
				BBFE81521AAE648800EB7BD1 /* CPPipeSpriteNode.m */,
				BBFE81541AAE76EE00EB7BD1 /* punch3.mp3 */,
				BBFE81321AAE55CB00EB7BD1 /* GameViewController.h */,
				BBFE81331AAE55CB00EB7BD1 /* GameViewController.m */,
				BBFE81351AAE55CB00EB7BD1 /* Main.storyboard */,
				BBFE81381AAE55CB00EB7BD1 /* Images.xcassets */,
				BBFE813A1AAE55CB00EB7BD1 /* LaunchScreen.xib */,
				BBFE81261AAE55CB00EB7BD1 /* Supporting Files */,
			);
			path = CrappyBird;
			sourceTree = "<group>";
		};
		BBFE81261AAE55CB00EB7BD1 /* Supporting Files */ = {
			isa = PBXGroup;
			children = (
				BBFE81271AAE55CB00EB7BD1 /* Info.plist */,
				BBFE81281AAE55CB00EB7BD1 /* main.m */,
			);
			name = "Supporting Files";
			sourceTree = "<group>";
		};
		BBFE81441AAE55CB00EB7BD1 /* CrappyBirdTests */ = {
			isa = PBXGroup;
			children = (
				BBFE81471AAE55CB00EB7BD1 /* CrappyBirdTests.m */,
				BBFE81451AAE55CB00EB7BD1 /* Supporting Files */,
			);
			path = CrappyBirdTests;
			sourceTree = "<group>";
		};
		BBFE81451AAE55CB00EB7BD1 /* Supporting Files */ = {
			isa = PBXGroup;
			children = (
				BBFE81461AAE55CB00EB7BD1 /* Info.plist */,
			);
			name = "Supporting Files";
			sourceTree = "<group>";
		};
/* End PBXGroup section */

/* Begin PBXNativeTarget section */
		BBFE81221AAE55CB00EB7BD1 /* CrappyBird */ = {
			isa = PBXNativeTarget;
			buildConfigurationList = BBFE814B1AAE55CC00EB7BD1 /* Build configuration list for PBXNativeTarget "CrappyBird" */;
			buildPhases = (
				BBFE811F1AAE55CB00EB7BD1 /* Sources */,
				BBFE81201AAE55CB00EB7BD1 /* Frameworks */,
				BBFE81211AAE55CB00EB7BD1 /* Resources */,
			);
			buildRules = (
			);
			dependencies = (
			);
			name = CrappyBird;
			productName = CrappyBird;
			productReference = BBFE81231AAE55CB00EB7BD1 /* CrappyBird.app */;
			productType = "com.apple.product-type.application";
		};
		BBFE81401AAE55CB00EB7BD1 /* CrappyBirdTests */ = {
			isa = PBXNativeTarget;
			buildConfigurationList = BBFE814E1AAE55CC00EB7BD1 /* Build configuration list for PBXNativeTarget "CrappyBirdTests" */;
			buildPhases = (
				BBFE813D1AAE55CB00EB7BD1 /* Sources */,
				BBFE813E1AAE55CB00EB7BD1 /* Frameworks */,
				BBFE813F1AAE55CB00EB7BD1 /* Resources */,
			);
			buildRules = (
			);
			dependencies = (
				BBFE81431AAE55CB00EB7BD1 /* PBXTargetDependency */,
			);
			name = CrappyBirdTests;
			productName = CrappyBirdTests;
			productReference = BBFE81411AAE55CB00EB7BD1 /* CrappyBirdTests.xctest */;
			productType = "com.apple.product-type.bundle.unit-test";
		};
/* End PBXNativeTarget section */

/* Begin PBXProject section */
		BBFE811B1AAE55CB00EB7BD1 /* Project object */ = {
			isa = PBXProject;
			attributes = {
				LastUpgradeCheck = 0610;
				ORGANIZATIONNAME = Yukti;
				TargetAttributes = {
					BBFE81221AAE55CB00EB7BD1 = {
						CreatedOnToolsVersion = 6.1.1;
					};
					BBFE81401AAE55CB00EB7BD1 = {
						CreatedOnToolsVersion = 6.1.1;
						TestTargetID = BBFE81221AAE55CB00EB7BD1;
					};
				};
			};
			buildConfigurationList = BBFE811E1AAE55CB00EB7BD1 /* Build configuration list for PBXProject "CrappyBird" */;
			compatibilityVersion = "Xcode 3.2";
			developmentRegion = English;
			hasScannedForEncodings = 0;
			knownRegions = (
				en,
				Base,
			);
			mainGroup = BBFE811A1AAE55CB00EB7BD1;
			productRefGroup = BBFE81241AAE55CB00EB7BD1 /* Products */;
			projectDirPath = "";
			projectRoot = "";
			targets = (
				BBFE81221AAE55CB00EB7BD1 /* CrappyBird */,
				BBFE81401AAE55CB00EB7BD1 /* CrappyBirdTests */,
			);
		};
/* End PBXProject section */

/* Begin PBXResourcesBuildPhase section */
		BBFE81211AAE55CB00EB7BD1 /* Resources */ = {
			isa = PBXResourcesBuildPhase;
			buildActionMask = 2147483647;
			files = (
				BBFE813C1AAE55CB00EB7BD1 /* LaunchScreen.xib in Resources */,
				BBFE81551AAE76EE00EB7BD1 /* punch3.mp3 in Resources */,
				BBFE81391AAE55CB00EB7BD1 /* Images.xcassets in Resources */,
				BBFE81371AAE55CB00EB7BD1 /* Main.storyboard in Resources */,
			);
			runOnlyForDeploymentPostprocessing = 0;
		};
		BBFE813F1AAE55CB00EB7BD1 /* Resources */ = {
			isa = PBXResourcesBuildPhase;
			buildActionMask = 2147483647;
			files = (
			);
			runOnlyForDeploymentPostprocessing = 0;
		};
/* End PBXResourcesBuildPhase section */

/* Begin PBXSourcesBuildPhase section */
		BBFE811F1AAE55CB00EB7BD1 /* Sources */ = {
			isa = PBXSourcesBuildPhase;
			buildActionMask = 2147483647;
			files = (
				BBFE81341AAE55CB00EB7BD1 /* GameViewController.m in Sources */,
				BBFE812C1AAE55CB00EB7BD1 /* AppDelegate.m in Sources */,
				BBFE812F1AAE55CB00EB7BD1 /* GameScene.m in Sources */,
				BBFE81291AAE55CB00EB7BD1 /* main.m in Sources */,
				BBFE81531AAE648800EB7BD1 /* CPPipeSpriteNode.m in Sources */,
			);
			runOnlyForDeploymentPostprocessing = 0;
		};
		BBFE813D1AAE55CB00EB7BD1 /* Sources */ = {
			isa = PBXSourcesBuildPhase;
			buildActionMask = 2147483647;
			files = (
				BBFE81481AAE55CB00EB7BD1 /* CrappyBirdTests.m in Sources */,
			);
			runOnlyForDeploymentPostprocessing = 0;
		};
/* End PBXSourcesBuildPhase section */

/* Begin PBXTargetDependency section */
		BBFE81431AAE55CB00EB7BD1 /* PBXTargetDependency */ = {
			isa = PBXTargetDependency;
			target = BBFE81221AAE55CB00EB7BD1 /* CrappyBird */;
			targetProxy = BBFE81421AAE55CB00EB7BD1 /* PBXContainerItemProxy */;
		};
/* End PBXTargetDependency section */

/* Begin PBXVariantGroup section */
		BBFE81351AAE55CB00EB7BD1 /* Main.storyboard */ = {
			isa = PBXVariantGroup;
			children = (
				BBFE81361AAE55CB00EB7BD1 /* Base */,
			);
			name = Main.storyboard;
			sourceTree = "<group>";
		};
		BBFE813A1AAE55CB00EB7BD1 /* LaunchScreen.xib */ = {
			isa = PBXVariantGroup;
			children = (
				BBFE813B1AAE55CB00EB7BD1 /* Base */,
			);
			name = LaunchScreen.xib;
			sourceTree = "<group>";
		};
/* End PBXVariantGroup section */

/* Begin XCBuildConfiguration section */
		BBFE81491AAE55CB00EB7BD1 /* Debug */ = {
			isa = XCBuildConfiguration;
			buildSettings = {
				ALWAYS_SEARCH_USER_PATHS = NO;
				CLANG_CXX_LANGUAGE_STANDARD = "gnu++0x";
				CLANG_CXX_LIBRARY = "libc++";
				CLANG_ENABLE_MODULES = YES;
				CLANG_ENABLE_OBJC_ARC = YES;
				CLANG_WARN_BOOL_CONVERSION = YES;
				CLANG_WARN_CONSTANT_CONVERSION = YES;
				CLANG_WARN_DIRECT_OBJC_ISA_USAGE = YES_ERROR;
				CLANG_WARN_EMPTY_BODY = YES;
				CLANG_WARN_ENUM_CONVERSION = YES;
				CLANG_WARN_INT_CONVERSION = YES;
				CLANG_WARN_OBJC_ROOT_CLASS = YES_ERROR;
				CLANG_WARN_UNREACHABLE_CODE = YES;
				CLANG_WARN__DUPLICATE_METHOD_MATCH = YES;
				"CODE_SIGN_IDENTITY[sdk=iphoneos*]" = "iPhone Developer";
				COPY_PHASE_STRIP = NO;
				ENABLE_STRICT_OBJC_MSGSEND = YES;
				GCC_C_LANGUAGE_STANDARD = gnu99;
				GCC_DYNAMIC_NO_PIC = NO;
				GCC_OPTIMIZATION_LEVEL = 0;
				GCC_PREPROCESSOR_DEFINITIONS = (
					"DEBUG=1",
					"$(inherited)",
				);
				GCC_SYMBOLS_PRIVATE_EXTERN = NO;
				GCC_WARN_64_TO_32_BIT_CONVERSION = YES;
				GCC_WARN_ABOUT_RETURN_TYPE = YES_ERROR;
				GCC_WARN_UNDECLARED_SELECTOR = YES;
				GCC_WARN_UNINITIALIZED_AUTOS = YES_AGGRESSIVE;
				GCC_WARN_UNUSED_FUNCTION = YES;
				GCC_WARN_UNUSED_VARIABLE = YES;
				IPHONEOS_DEPLOYMENT_TARGET = 8.1;
				MTL_ENABLE_DEBUG_INFO = YES;
				ONLY_ACTIVE_ARCH = YES;
				SDKROOT = iphoneos;
			};
			name = Debug;
		};
		BBFE814A1AAE55CB00EB7BD1 /* Release */ = {
			isa = XCBuildConfiguration;
			buildSettings = {
				ALWAYS_SEARCH_USER_PATHS = NO;
				CLANG_CXX_LANGUAGE_STANDARD = "gnu++0x";
				CLANG_CXX_LIBRARY = "libc++";
				CLANG_ENABLE_MODULES = YES;
				CLANG_ENABLE_OBJC_ARC = YES;
				CLANG_WARN_BOOL_CONVERSION = YES;
				CLANG_WARN_CONSTANT_CONVERSION = YES;
				CLANG_WARN_DIRECT_OBJC_ISA_USAGE = YES_ERROR;
				CLANG_WARN_EMPTY_BODY = YES;
				CLANG_WARN_ENUM_CONVERSION = YES;
				CLANG_WARN_INT_CONVERSION = YES;
				CLANG_WARN_OBJC_ROOT_CLASS = YES_ERROR;
				CLANG_WARN_UNREACHABLE_CODE = YES;
				CLANG_WARN__DUPLICATE_METHOD_MATCH = YES;
				"CODE_SIGN_IDENTITY[sdk=iphoneos*]" = "iPhone Developer";
				COPY_PHASE_STRIP = YES;
				ENABLE_NS_ASSERTIONS = NO;
				ENABLE_STRICT_OBJC_MSGSEND = YES;
				GCC_C_LANGUAGE_STANDARD = gnu99;
				GCC_WARN_64_TO_32_BIT_CONVERSION = YES;
				GCC_WARN_ABOUT_RETURN_TYPE = YES_ERROR;
				GCC_WARN_UNDECLARED_SELECTOR = YES;
				GCC_WARN_UNINITIALIZED_AUTOS = YES_AGGRESSIVE;
				GCC_WARN_UNUSED_FUNCTION = YES;
				GCC_WARN_UNUSED_VARIABLE = YES;
				IPHONEOS_DEPLOYMENT_TARGET = 8.1;
				MTL_ENABLE_DEBUG_INFO = NO;
				SDKROOT = iphoneos;
				VALIDATE_PRODUCT = YES;
			};
			name = Release;
		};
		BBFE814C1AAE55CC00EB7BD1 /* Debug */ = {
			isa = XCBuildConfiguration;
			buildSettings = {
				ASSETCATALOG_COMPILER_APPICON_NAME = AppIcon;
				INFOPLIST_FILE = CrappyBird/Info.plist;
				LD_RUNPATH_SEARCH_PATHS = "$(inherited) @executable_path/Frameworks";
				PRODUCT_NAME = "$(TARGET_NAME)";
			};
			name = Debug;
		};
		BBFE814D1AAE55CC00EB7BD1 /* Release */ = {
			isa = XCBuildConfiguration;
			buildSettings = {
				ASSETCATALOG_COMPILER_APPICON_NAME = AppIcon;
				INFOPLIST_FILE = CrappyBird/Info.plist;
				LD_RUNPATH_SEARCH_PATHS = "$(inherited) @executable_path/Frameworks";
				PRODUCT_NAME = "$(TARGET_NAME)";
			};
			name = Release;
		};
		BBFE814F1AAE55CC00EB7BD1 /* Debug */ = {
			isa = XCBuildConfiguration;
			buildSettings = {
				BUNDLE_LOADER = "$(TEST_HOST)";
				FRAMEWORK_SEARCH_PATHS = (
					"$(SDKROOT)/Developer/Library/Frameworks",
					"$(inherited)",
				);
				GCC_PREPROCESSOR_DEFINITIONS = (
					"DEBUG=1",
					"$(inherited)",
				);
				INFOPLIST_FILE = CrappyBirdTests/Info.plist;
				LD_RUNPATH_SEARCH_PATHS = "$(inherited) @executable_path/Frameworks @loader_path/Frameworks";
				PRODUCT_NAME = "$(TARGET_NAME)";
				TEST_HOST = "$(BUILT_PRODUCTS_DIR)/CrappyBird.app/CrappyBird";
			};
			name = Debug;
		};
		BBFE81501AAE55CC00EB7BD1 /* Release */ = {
			isa = XCBuildConfiguration;
			buildSettings = {
				BUNDLE_LOADER = "$(TEST_HOST)";
				FRAMEWORK_SEARCH_PATHS = (
					"$(SDKROOT)/Developer/Library/Frameworks",
					"$(inherited)",
				);
				INFOPLIST_FILE = CrappyBirdTests/Info.plist;
				LD_RUNPATH_SEARCH_PATHS = "$(inherited) @executable_path/Frameworks @loader_path/Frameworks";
				PRODUCT_NAME = "$(TARGET_NAME)";
				TEST_HOST = "$(BUILT_PRODUCTS_DIR)/CrappyBird.app/CrappyBird";
			};
			name = Release;
		};
/* End XCBuildConfiguration section */

/* Begin XCConfigurationList section */
		BBFE811E1AAE55CB00EB7BD1 /* Build configuration list for PBXProject "CrappyBird" */ = {
			isa = XCConfigurationList;
			buildConfigurations = (
				BBFE81491AAE55CB00EB7BD1 /* Debug */,
				BBFE814A1AAE55CB00EB7BD1 /* Release */,
			);
			defaultConfigurationIsVisible = 0;
			defaultConfigurationName = Release;
		};
		BBFE814B1AAE55CC00EB7BD1 /* Build configuration list for PBXNativeTarget "CrappyBird" */ = {
			isa = XCConfigurationList;
			buildConfigurations = (
				BBFE814C1AAE55CC00EB7BD1 /* Debug */,
				BBFE814D1AAE55CC00EB7BD1 /* Release */,
			);
			defaultConfigurationIsVisible = 0;
		};
		BBFE814E1AAE55CC00EB7BD1 /* Build configuration list for PBXNativeTarget "CrappyBirdTests" */ = {
			isa = XCConfigurationList;
			buildConfigurations = (
				BBFE814F1AAE55CC00EB7BD1 /* Debug */,
				BBFE81501AAE55CC00EB7BD1 /* Release */,
			);
			defaultConfigurationIsVisible = 0;
		};
/* End XCConfigurationList section */
	};
	rootObject = BBFE811B1AAE55CB00EB7BD1 /* Project object */;
}
