// !$*UTF8*$!
{
	archiveVersion = 1;
	classes = {
	};
	objectVersion = 46;
	objects = {

/* Begin PBXBuildFile section */
		BB93714719C8EEB3000281C5 /* Foundation.framework in Frameworks */ = {isa = PBXBuildFile; fileRef = BB93714619C8EEB3000281C5 /* Foundation.framework */; };
		BB93714919C8EEB3000281C5 /* CoreGraphics.framework in Frameworks */ = {isa = PBXBuildFile; fileRef = BB93714819C8EEB3000281C5 /* CoreGraphics.framework */; };
		BB93714B19C8EEB3000281C5 /* UIKit.framework in Frameworks */ = {isa = PBXBuildFile; fileRef = BB93714A19C8EEB3000281C5 /* UIKit.framework */; };
		BB93715119C8EEB3000281C5 /* InfoPlist.strings in Resources */ = {isa = PBXBuildFile; fileRef = BB93714F19C8EEB3000281C5 /* InfoPlist.strings */; };
		BB93715319C8EEB3000281C5 /* main.m in Sources */ = {isa = PBXBuildFile; fileRef = BB93715219C8EEB3000281C5 /* main.m */; };
		BB93715719C8EEB3000281C5 /* MPAppDelegate.m in Sources */ = {isa = PBXBuildFile; fileRef = BB93715619C8EEB3000281C5 /* MPAppDelegate.m */; };
		BB93715A19C8EEB3000281C5 /* Main.storyboard in Resources */ = {isa = PBXBuildFile; fileRef = BB93715819C8EEB3000281C5 /* Main.storyboard */; };
		BB93715D19C8EEB3000281C5 /* MPViewController.m in Sources */ = {isa = PBXBuildFile; fileRef = BB93715C19C8EEB3000281C5 /* MPViewController.m */; };
		BB93715F19C8EEB3000281C5 /* Images.xcassets in Resources */ = {isa = PBXBuildFile; fileRef = BB93715E19C8EEB3000281C5 /* Images.xcassets */; };
		BB93716619C8EEB3000281C5 /* XCTest.framework in Frameworks */ = {isa = PBXBuildFile; fileRef = BB93716519C8EEB3000281C5 /* XCTest.framework */; };
		BB93716719C8EEB3000281C5 /* Foundation.framework in Frameworks */ = {isa = PBXBuildFile; fileRef = BB93714619C8EEB3000281C5 /* Foundation.framework */; };
		BB93716819C8EEB3000281C5 /* UIKit.framework in Frameworks */ = {isa = PBXBuildFile; fileRef = BB93714A19C8EEB3000281C5 /* UIKit.framework */; };
		BB93717019C8EEB3000281C5 /* InfoPlist.strings in Resources */ = {isa = PBXBuildFile; fileRef = BB93716E19C8EEB3000281C5 /* InfoPlist.strings */; };
		BB93717219C8EEB3000281C5 /* MethodsPropertiesTests.m in Sources */ = {isa = PBXBuildFile; fileRef = BB93717119C8EEB3000281C5 /* MethodsPropertiesTests.m */; };
		BB93717D19C8EF13000281C5 /* MPSamepleObject.m in Sources */ = {isa = PBXBuildFile; fileRef = BB93717C19C8EF13000281C5 /* MPSamepleObject.m */; };
/* End PBXBuildFile section */

/* Begin PBXContainerItemProxy section */
		BB93716919C8EEB3000281C5 /* PBXContainerItemProxy */ = {
			isa = PBXContainerItemProxy;
			containerPortal = BB93713B19C8EEB2000281C5 /* Project object */;
			proxyType = 1;
			remoteGlobalIDString = BB93714219C8EEB2000281C5;
			remoteInfo = MethodsProperties;
		};
/* End PBXContainerItemProxy section */

/* Begin PBXFileReference section */
		BB93714319C8EEB3000281C5 /* MethodsProperties.app */ = {isa = PBXFileReference; explicitFileType = wrapper.application; includeInIndex = 0; path = MethodsProperties.app; sourceTree = BUILT_PRODUCTS_DIR; };
		BB93714619C8EEB3000281C5 /* Foundation.framework */ = {isa = PBXFileReference; lastKnownFileType = wrapper.framework; name = Foundation.framework; path = System/Library/Frameworks/Foundation.framework; sourceTree = SDKROOT; };
		BB93714819C8EEB3000281C5 /* CoreGraphics.framework */ = {isa = PBXFileReference; lastKnownFileType = wrapper.framework; name = CoreGraphics.framework; path = System/Library/Frameworks/CoreGraphics.framework; sourceTree = SDKROOT; };
		BB93714A19C8EEB3000281C5 /* UIKit.framework */ = {isa = PBXFileReference; lastKnownFileType = wrapper.framework; name = UIKit.framework; path = System/Library/Frameworks/UIKit.framework; sourceTree = SDKROOT; };
		BB93714E19C8EEB3000281C5 /* MethodsProperties-Info.plist */ = {isa = PBXFileReference; lastKnownFileType = text.plist.xml; path = "MethodsProperties-Info.plist"; sourceTree = "<group>"; };
		BB93715019C8EEB3000281C5 /* en */ = {isa = PBXFileReference; lastKnownFileType = text.plist.strings; name = en; path = en.lproj/InfoPlist.strings; sourceTree = "<group>"; };
		BB93715219C8EEB3000281C5 /* main.m */ = {isa = PBXFileReference; lastKnownFileType = sourcecode.c.objc; path = main.m; sourceTree = "<group>"; };
		BB93715419C8EEB3000281C5 /* MethodsProperties-Prefix.pch */ = {isa = PBXFileReference; lastKnownFileType = sourcecode.c.h; path = "MethodsProperties-Prefix.pch"; sourceTree = "<group>"; };
		BB93715519C8EEB3000281C5 /* MPAppDelegate.h */ = {isa = PBXFileReference; lastKnownFileType = sourcecode.c.h; path = MPAppDelegate.h; sourceTree = "<group>"; };
		BB93715619C8EEB3000281C5 /* MPAppDelegate.m */ = {isa = PBXFileReference; lastKnownFileType = sourcecode.c.objc; path = MPAppDelegate.m; sourceTree = "<group>"; };
		BB93715919C8EEB3000281C5 /* Base */ = {isa = PBXFileReference; lastKnownFileType = file.storyboard; name = Base; path = Base.lproj/Main.storyboard; sourceTree = "<group>"; };
		BB93715B19C8EEB3000281C5 /* MPViewController.h */ = {isa = PBXFileReference; lastKnownFileType = sourcecode.c.h; path = MPViewController.h; sourceTree = "<group>"; };
		BB93715C19C8EEB3000281C5 /* MPViewController.m */ = {isa = PBXFileReference; lastKnownFileType = sourcecode.c.objc; path = MPViewController.m; sourceTree = "<group>"; };
		BB93715E19C8EEB3000281C5 /* Images.xcassets */ = {isa = PBXFileReference; lastKnownFileType = folder.assetcatalog; path = Images.xcassets; sourceTree = "<group>"; };
		BB93716419C8EEB3000281C5 /* MethodsPropertiesTests.xctest */ = {isa = PBXFileReference; explicitFileType = wrapper.cfbundle; includeInIndex = 0; path = MethodsPropertiesTests.xctest; sourceTree = BUILT_PRODUCTS_DIR; };
		BB93716519C8EEB3000281C5 /* XCTest.framework */ = {isa = PBXFileReference; lastKnownFileType = wrapper.framework; name = XCTest.framework; path = Library/Frameworks/XCTest.framework; sourceTree = DEVELOPER_DIR; };
		BB93716D19C8EEB3000281C5 /* MethodsPropertiesTests-Info.plist */ = {isa = PBXFileReference; lastKnownFileType = text.plist.xml; path = "MethodsPropertiesTests-Info.plist"; sourceTree = "<group>"; };
		BB93716F19C8EEB3000281C5 /* en */ = {isa = PBXFileReference; lastKnownFileType = text.plist.strings; name = en; path = en.lproj/InfoPlist.strings; sourceTree = "<group>"; };
		BB93717119C8EEB3000281C5 /* MethodsPropertiesTests.m */ = {isa = PBXFileReference; lastKnownFileType = sourcecode.c.objc; path = MethodsPropertiesTests.m; sourceTree = "<group>"; };
		BB93717B19C8EF13000281C5 /* MPSamepleObject.h */ = {isa = PBXFileReference; fileEncoding = 4; lastKnownFileType = sourcecode.c.h; path = MPSamepleObject.h; sourceTree = "<group>"; };
		BB93717C19C8EF13000281C5 /* MPSamepleObject.m */ = {isa = PBXFileReference; fileEncoding = 4; lastKnownFileType = sourcecode.c.objc; path = MPSamepleObject.m; sourceTree = "<group>"; };
/* End PBXFileReference section */

/* Begin PBXFrameworksBuildPhase section */
		BB93714019C8EEB2000281C5 /* Frameworks */ = {
			isa = PBXFrameworksBuildPhase;
			buildActionMask = 2147483647;
			files = (
				BB93714919C8EEB3000281C5 /* CoreGraphics.framework in Frameworks */,
				BB93714B19C8EEB3000281C5 /* UIKit.framework in Frameworks */,
				BB93714719C8EEB3000281C5 /* Foundation.framework in Frameworks */,
			);
			runOnlyForDeploymentPostprocessing = 0;
		};
		BB93716119C8EEB3000281C5 /* Frameworks */ = {
			isa = PBXFrameworksBuildPhase;
			buildActionMask = 2147483647;
			files = (
				BB93716619C8EEB3000281C5 /* XCTest.framework in Frameworks */,
				BB93716819C8EEB3000281C5 /* UIKit.framework in Frameworks */,
				BB93716719C8EEB3000281C5 /* Foundation.framework in Frameworks */,
			);
			runOnlyForDeploymentPostprocessing = 0;
		};
/* End PBXFrameworksBuildPhase section */

/* Begin PBXGroup section */
		BB93713A19C8EEB2000281C5 = {
			isa = PBXGroup;
			children = (
				BB93714C19C8EEB3000281C5 /* MethodsProperties */,
				BB93716B19C8EEB3000281C5 /* MethodsPropertiesTests */,
				BB93714519C8EEB3000281C5 /* Frameworks */,
				BB93714419C8EEB3000281C5 /* Products */,
			);
			sourceTree = "<group>";
		};
		BB93714419C8EEB3000281C5 /* Products */ = {
			isa = PBXGroup;
			children = (
				BB93714319C8EEB3000281C5 /* MethodsProperties.app */,
				BB93716419C8EEB3000281C5 /* MethodsPropertiesTests.xctest */,
			);
			name = Products;
			sourceTree = "<group>";
		};
		BB93714519C8EEB3000281C5 /* Frameworks */ = {
			isa = PBXGroup;
			children = (
				BB93714619C8EEB3000281C5 /* Foundation.framework */,
				BB93714819C8EEB3000281C5 /* CoreGraphics.framework */,
				BB93714A19C8EEB3000281C5 /* UIKit.framework */,
				BB93716519C8EEB3000281C5 /* XCTest.framework */,
			);
			name = Frameworks;
			sourceTree = "<group>";
		};
		BB93714C19C8EEB3000281C5 /* MethodsProperties */ = {
			isa = PBXGroup;
			children = (
				BB93715519C8EEB3000281C5 /* MPAppDelegate.h */,
				BB93715619C8EEB3000281C5 /* MPAppDelegate.m */,
				BB93715819C8EEB3000281C5 /* Main.storyboard */,
				BB93715B19C8EEB3000281C5 /* MPViewController.h */,
				BB93715C19C8EEB3000281C5 /* MPViewController.m */,
				BB93717B19C8EF13000281C5 /* MPSamepleObject.h */,
				BB93717C19C8EF13000281C5 /* MPSamepleObject.m */,
				BB93715E19C8EEB3000281C5 /* Images.xcassets */,
				BB93714D19C8EEB3000281C5 /* Supporting Files */,
			);
			path = MethodsProperties;
			sourceTree = "<group>";
		};
		BB93714D19C8EEB3000281C5 /* Supporting Files */ = {
			isa = PBXGroup;
			children = (
				BB93714E19C8EEB3000281C5 /* MethodsProperties-Info.plist */,
				BB93714F19C8EEB3000281C5 /* InfoPlist.strings */,
				BB93715219C8EEB3000281C5 /* main.m */,
				BB93715419C8EEB3000281C5 /* MethodsProperties-Prefix.pch */,
			);
			name = "Supporting Files";
			sourceTree = "<group>";
		};
		BB93716B19C8EEB3000281C5 /* MethodsPropertiesTests */ = {
			isa = PBXGroup;
			children = (
				BB93717119C8EEB3000281C5 /* MethodsPropertiesTests.m */,
				BB93716C19C8EEB3000281C5 /* Supporting Files */,
			);
			path = MethodsPropertiesTests;
			sourceTree = "<group>";
		};
		BB93716C19C8EEB3000281C5 /* Supporting Files */ = {
			isa = PBXGroup;
			children = (
				BB93716D19C8EEB3000281C5 /* MethodsPropertiesTests-Info.plist */,
				BB93716E19C8EEB3000281C5 /* InfoPlist.strings */,
			);
			name = "Supporting Files";
			sourceTree = "<group>";
		};
/* End PBXGroup section */

/* Begin PBXNativeTarget section */
		BB93714219C8EEB2000281C5 /* MethodsProperties */ = {
			isa = PBXNativeTarget;
			buildConfigurationList = BB93717519C8EEB3000281C5 /* Build configuration list for PBXNativeTarget "MethodsProperties" */;
			buildPhases = (
				BB93713F19C8EEB2000281C5 /* Sources */,
				BB93714019C8EEB2000281C5 /* Frameworks */,
				BB93714119C8EEB2000281C5 /* Resources */,
			);
			buildRules = (
			);
			dependencies = (
			);
			name = MethodsProperties;
			productName = MethodsProperties;
			productReference = BB93714319C8EEB3000281C5 /* MethodsProperties.app */;
			productType = "com.apple.product-type.application";
		};
		BB93716319C8EEB3000281C5 /* MethodsPropertiesTests */ = {
			isa = PBXNativeTarget;
			buildConfigurationList = BB93717819C8EEB3000281C5 /* Build configuration list for PBXNativeTarget "MethodsPropertiesTests" */;
			buildPhases = (
				BB93716019C8EEB3000281C5 /* Sources */,
				BB93716119C8EEB3000281C5 /* Frameworks */,
				BB93716219C8EEB3000281C5 /* Resources */,
			);
			buildRules = (
			);
			dependencies = (
				BB93716A19C8EEB3000281C5 /* PBXTargetDependency */,
			);
			name = MethodsPropertiesTests;
			productName = MethodsPropertiesTests;
			productReference = BB93716419C8EEB3000281C5 /* MethodsPropertiesTests.xctest */;
			productType = "com.apple.product-type.bundle.unit-test";
		};
/* End PBXNativeTarget section */

/* Begin PBXProject section */
		BB93713B19C8EEB2000281C5 /* Project object */ = {
			isa = PBXProject;
			attributes = {
				CLASSPREFIX = MP;
				LastUpgradeCheck = 0510;
				ORGANIZATIONNAME = Yukti;
				TargetAttributes = {
					BB93716319C8EEB3000281C5 = {
						TestTargetID = BB93714219C8EEB2000281C5;
					};
				};
			};
			buildConfigurationList = BB93713E19C8EEB2000281C5 /* Build configuration list for PBXProject "MethodsProperties" */;
			compatibilityVersion = "Xcode 3.2";
			developmentRegion = English;
			hasScannedForEncodings = 0;
			knownRegions = (
				en,
				Base,
			);
			mainGroup = BB93713A19C8EEB2000281C5;
			productRefGroup = BB93714419C8EEB3000281C5 /* Products */;
			projectDirPath = "";
			projectRoot = "";
			targets = (
				BB93714219C8EEB2000281C5 /* MethodsProperties */,
				BB93716319C8EEB3000281C5 /* MethodsPropertiesTests */,
			);
		};
/* End PBXProject section */

/* Begin PBXResourcesBuildPhase section */
		BB93714119C8EEB2000281C5 /* Resources */ = {
			isa = PBXResourcesBuildPhase;
			buildActionMask = 2147483647;
			files = (
				BB93715F19C8EEB3000281C5 /* Images.xcassets in Resources */,
				BB93715119C8EEB3000281C5 /* InfoPlist.strings in Resources */,
				BB93715A19C8EEB3000281C5 /* Main.storyboard in Resources */,
			);
			runOnlyForDeploymentPostprocessing = 0;
		};
		BB93716219C8EEB3000281C5 /* Resources */ = {
			isa = PBXResourcesBuildPhase;
			buildActionMask = 2147483647;
			files = (
				BB93717019C8EEB3000281C5 /* InfoPlist.strings in Resources */,
			);
			runOnlyForDeploymentPostprocessing = 0;
		};
/* End PBXResourcesBuildPhase section */

/* Begin PBXSourcesBuildPhase section */
		BB93713F19C8EEB2000281C5 /* Sources */ = {
			isa = PBXSourcesBuildPhase;
			buildActionMask = 2147483647;
			files = (
				BB93715319C8EEB3000281C5 /* main.m in Sources */,
				BB93715D19C8EEB3000281C5 /* MPViewController.m in Sources */,
				BB93715719C8EEB3000281C5 /* MPAppDelegate.m in Sources */,
				BB93717D19C8EF13000281C5 /* MPSamepleObject.m in Sources */,
			);
			runOnlyForDeploymentPostprocessing = 0;
		};
		BB93716019C8EEB3000281C5 /* Sources */ = {
			isa = PBXSourcesBuildPhase;
			buildActionMask = 2147483647;
			files = (
				BB93717219C8EEB3000281C5 /* MethodsPropertiesTests.m in Sources */,
			);
			runOnlyForDeploymentPostprocessing = 0;
		};
/* End PBXSourcesBuildPhase section */

/* Begin PBXTargetDependency section */
		BB93716A19C8EEB3000281C5 /* PBXTargetDependency */ = {
			isa = PBXTargetDependency;
			target = BB93714219C8EEB2000281C5 /* MethodsProperties */;
			targetProxy = BB93716919C8EEB3000281C5 /* PBXContainerItemProxy */;
		};
/* End PBXTargetDependency section */

/* Begin PBXVariantGroup section */
		BB93714F19C8EEB3000281C5 /* InfoPlist.strings */ = {
			isa = PBXVariantGroup;
			children = (
				BB93715019C8EEB3000281C5 /* en */,
			);
			name = InfoPlist.strings;
			sourceTree = "<group>";
		};
		BB93715819C8EEB3000281C5 /* Main.storyboard */ = {
			isa = PBXVariantGroup;
			children = (
				BB93715919C8EEB3000281C5 /* Base */,
			);
			name = Main.storyboard;
			sourceTree = "<group>";
		};
		BB93716E19C8EEB3000281C5 /* InfoPlist.strings */ = {
			isa = PBXVariantGroup;
			children = (
				BB93716F19C8EEB3000281C5 /* en */,
			);
			name = InfoPlist.strings;
			sourceTree = "<group>";
		};
/* End PBXVariantGroup section */

/* Begin XCBuildConfiguration section */
		BB93717319C8EEB3000281C5 /* Debug */ = {
			isa = XCBuildConfiguration;
			buildSettings = {
				ALWAYS_SEARCH_USER_PATHS = NO;
				CLANG_CXX_LANGUAGE_STANDARD = "gnu++0x";
				CLANG_CXX_LIBRARY = "libc++";
				CLANG_ENABLE_MODULES = YES;
				CLANG_ENABLE_OBJC_ARC = YES;
				CLANG_WARN_BOOL_CONVERSION = YES;
				CLANG_WARN_CONSTANT_CONVERSION = YES;
				CLANG_WARN_DIRECT_OBJC_ISA_USAGE = YES_ERROR;
				CLANG_WARN_EMPTY_BODY = YES;
				CLANG_WARN_ENUM_CONVERSION = YES;
				CLANG_WARN_INT_CONVERSION = YES;
				CLANG_WARN_OBJC_ROOT_CLASS = YES_ERROR;
				CLANG_WARN__DUPLICATE_METHOD_MATCH = YES;
				"CODE_SIGN_IDENTITY[sdk=iphoneos*]" = "iPhone Developer";
				COPY_PHASE_STRIP = NO;
				GCC_C_LANGUAGE_STANDARD = gnu99;
				GCC_DYNAMIC_NO_PIC = NO;
				GCC_OPTIMIZATION_LEVEL = 0;
				GCC_PREPROCESSOR_DEFINITIONS = (
					"DEBUG=1",
					"$(inherited)",
				);
				GCC_SYMBOLS_PRIVATE_EXTERN = NO;
				GCC_WARN_64_TO_32_BIT_CONVERSION = YES;
				GCC_WARN_ABOUT_RETURN_TYPE = YES_ERROR;
				GCC_WARN_UNDECLARED_SELECTOR = YES;
				GCC_WARN_UNINITIALIZED_AUTOS = YES_AGGRESSIVE;
				GCC_WARN_UNUSED_FUNCTION = YES;
				GCC_WARN_UNUSED_VARIABLE = YES;
				IPHONEOS_DEPLOYMENT_TARGET = 7.1;
				ONLY_ACTIVE_ARCH = YES;
				SDKROOT = iphoneos;
			};
			name = Debug;
		};
		BB93717419C8EEB3000281C5 /* Release */ = {
			isa = XCBuildConfiguration;
			buildSettings = {
				ALWAYS_SEARCH_USER_PATHS = NO;
				CLANG_CXX_LANGUAGE_STANDARD = "gnu++0x";
				CLANG_CXX_LIBRARY = "libc++";
				CLANG_ENABLE_MODULES = YES;
				CLANG_ENABLE_OBJC_ARC = YES;
				CLANG_WARN_BOOL_CONVERSION = YES;
				CLANG_WARN_CONSTANT_CONVERSION = YES;
				CLANG_WARN_DIRECT_OBJC_ISA_USAGE = YES_ERROR;
				CLANG_WARN_EMPTY_BODY = YES;
				CLANG_WARN_ENUM_CONVERSION = YES;
				CLANG_WARN_INT_CONVERSION = YES;
				CLANG_WARN_OBJC_ROOT_CLASS = YES_ERROR;
				CLANG_WARN__DUPLICATE_METHOD_MATCH = YES;
				"CODE_SIGN_IDENTITY[sdk=iphoneos*]" = "iPhone Developer";
				COPY_PHASE_STRIP = YES;
				ENABLE_NS_ASSERTIONS = NO;
				GCC_C_LANGUAGE_STANDARD = gnu99;
				GCC_WARN_64_TO_32_BIT_CONVERSION = YES;
				GCC_WARN_ABOUT_RETURN_TYPE = YES_ERROR;
				GCC_WARN_UNDECLARED_SELECTOR = YES;
				GCC_WARN_UNINITIALIZED_AUTOS = YES_AGGRESSIVE;
				GCC_WARN_UNUSED_FUNCTION = YES;
				GCC_WARN_UNUSED_VARIABLE = YES;
				IPHONEOS_DEPLOYMENT_TARGET = 7.1;
				SDKROOT = iphoneos;
				VALIDATE_PRODUCT = YES;
			};
			name = Release;
		};
		BB93717619C8EEB3000281C5 /* Debug */ = {
			isa = XCBuildConfiguration;
			buildSettings = {
				ASSETCATALOG_COMPILER_APPICON_NAME = AppIcon;
				ASSETCATALOG_COMPILER_LAUNCHIMAGE_NAME = LaunchImage;
				GCC_PRECOMPILE_PREFIX_HEADER = YES;
				GCC_PREFIX_HEADER = "MethodsProperties/MethodsProperties-Prefix.pch";
				INFOPLIST_FILE = "MethodsProperties/MethodsProperties-Info.plist";
				PRODUCT_NAME = "$(TARGET_NAME)";
				WRAPPER_EXTENSION = app;
			};
			name = Debug;
		};
		BB93717719C8EEB3000281C5 /* Release */ = {
			isa = XCBuildConfiguration;
			buildSettings = {
				ASSETCATALOG_COMPILER_APPICON_NAME = AppIcon;
				ASSETCATALOG_COMPILER_LAUNCHIMAGE_NAME = LaunchImage;
				GCC_PRECOMPILE_PREFIX_HEADER = YES;
				GCC_PREFIX_HEADER = "MethodsProperties/MethodsProperties-Prefix.pch";
				INFOPLIST_FILE = "MethodsProperties/MethodsProperties-Info.plist";
				PRODUCT_NAME = "$(TARGET_NAME)";
				WRAPPER_EXTENSION = app;
			};
			name = Release;
		};
		BB93717919C8EEB3000281C5 /* Debug */ = {
			isa = XCBuildConfiguration;
			buildSettings = {
				BUNDLE_LOADER = "$(BUILT_PRODUCTS_DIR)/MethodsProperties.app/MethodsProperties";
				FRAMEWORK_SEARCH_PATHS = (
					"$(SDKROOT)/Developer/Library/Frameworks",
					"$(inherited)",
					"$(DEVELOPER_FRAMEWORKS_DIR)",
				);
				GCC_PRECOMPILE_PREFIX_HEADER = YES;
				GCC_PREFIX_HEADER = "MethodsProperties/MethodsProperties-Prefix.pch";
				GCC_PREPROCESSOR_DEFINITIONS = (
					"DEBUG=1",
					"$(inherited)",
				);
				INFOPLIST_FILE = "MethodsPropertiesTests/MethodsPropertiesTests-Info.plist";
				PRODUCT_NAME = "$(TARGET_NAME)";
				TEST_HOST = "$(BUNDLE_LOADER)";
				WRAPPER_EXTENSION = xctest;
			};
			name = Debug;
		};
		BB93717A19C8EEB3000281C5 /* Release */ = {
			isa = XCBuildConfiguration;
			buildSettings = {
				BUNDLE_LOADER = "$(BUILT_PRODUCTS_DIR)/MethodsProperties.app/MethodsProperties";
				FRAMEWORK_SEARCH_PATHS = (
					"$(SDKROOT)/Developer/Library/Frameworks",
					"$(inherited)",
					"$(DEVELOPER_FRAMEWORKS_DIR)",
				);
				GCC_PRECOMPILE_PREFIX_HEADER = YES;
				GCC_PREFIX_HEADER = "MethodsProperties/MethodsProperties-Prefix.pch";
				INFOPLIST_FILE = "MethodsPropertiesTests/MethodsPropertiesTests-Info.plist";
				PRODUCT_NAME = "$(TARGET_NAME)";
				TEST_HOST = "$(BUNDLE_LOADER)";
				WRAPPER_EXTENSION = xctest;
			};
			name = Release;
		};
/* End XCBuildConfiguration section */

/* Begin XCConfigurationList section */
		BB93713E19C8EEB2000281C5 /* Build configuration list for PBXProject "MethodsProperties" */ = {
			isa = XCConfigurationList;
			buildConfigurations = (
				BB93717319C8EEB3000281C5 /* Debug */,
				BB93717419C8EEB3000281C5 /* Release */,
			);
			defaultConfigurationIsVisible = 0;
			defaultConfigurationName = Release;
		};
		BB93717519C8EEB3000281C5 /* Build configuration list for PBXNativeTarget "MethodsProperties" */ = {
			isa = XCConfigurationList;
			buildConfigurations = (
				BB93717619C8EEB3000281C5 /* Debug */,
				BB93717719C8EEB3000281C5 /* Release */,
			);
			defaultConfigurationIsVisible = 0;
		};
		BB93717819C8EEB3000281C5 /* Build configuration list for PBXNativeTarget "MethodsPropertiesTests" */ = {
			isa = XCConfigurationList;
			buildConfigurations = (
				BB93717919C8EEB3000281C5 /* Debug */,
				BB93717A19C8EEB3000281C5 /* Release */,
			);
			defaultConfigurationIsVisible = 0;
		};
/* End XCConfigurationList section */
	};
	rootObject = BB93713B19C8EEB2000281C5 /* Project object */;
}
