// !$*UTF8*$!
{
	archiveVersion = 1;
	classes = {
	};
	objectVersion = 46;
	objects = {

/* Begin PBXBuildFile section */
		BBFC3FF619DB78B6005BC006 /* main.m in Sources */ = {isa = PBXBuildFile; fileRef = BBFC3FF519DB78B6005BC006 /* main.m */; };
		BBFC3FF919DB78B7005BC006 /* AppDelegate.m in Sources */ = {isa = PBXBuildFile; fileRef = BBFC3FF819DB78B7005BC006 /* AppDelegate.m */; };
		BBFC3FFC19DB78B7005BC006 /* ViewController.m in Sources */ = {isa = PBXBuildFile; fileRef = BBFC3FFB19DB78B7005BC006 /* ViewController.m */; };
		BBFC3FFF19DB78B7005BC006 /* Main.storyboard in Resources */ = {isa = PBXBuildFile; fileRef = BBFC3FFD19DB78B7005BC006 /* Main.storyboard */; };
		BBFC400119DB78B7005BC006 /* Images.xcassets in Resources */ = {isa = PBXBuildFile; fileRef = BBFC400019DB78B7005BC006 /* Images.xcassets */; };
		BBFC400419DB78B7005BC006 /* LaunchScreen.xib in Resources */ = {isa = PBXBuildFile; fileRef = BBFC400219DB78B7005BC006 /* LaunchScreen.xib */; };
		BBFC401019DB78B7005BC006 /* MapExampleTests.m in Sources */ = {isa = PBXBuildFile; fileRef = BBFC400F19DB78B7005BC006 /* MapExampleTests.m */; };
/* End PBXBuildFile section */

/* Begin PBXContainerItemProxy section */
		BBFC400A19DB78B7005BC006 /* PBXContainerItemProxy */ = {
			isa = PBXContainerItemProxy;
			containerPortal = BBFC3FE819DB78B6005BC006 /* Project object */;
			proxyType = 1;
			remoteGlobalIDString = BBFC3FEF19DB78B6005BC006;
			remoteInfo = MapExample;
		};
/* End PBXContainerItemProxy section */

/* Begin PBXFileReference section */
		BBFC3FF019DB78B6005BC006 /* MapExample.app */ = {isa = PBXFileReference; explicitFileType = wrapper.application; includeInIndex = 0; path = MapExample.app; sourceTree = BUILT_PRODUCTS_DIR; };
		BBFC3FF419DB78B6005BC006 /* Info.plist */ = {isa = PBXFileReference; lastKnownFileType = text.plist.xml; path = Info.plist; sourceTree = "<group>"; };
		BBFC3FF519DB78B6005BC006 /* main.m */ = {isa = PBXFileReference; lastKnownFileType = sourcecode.c.objc; path = main.m; sourceTree = "<group>"; };
		BBFC3FF719DB78B6005BC006 /* AppDelegate.h */ = {isa = PBXFileReference; lastKnownFileType = sourcecode.c.h; path = AppDelegate.h; sourceTree = "<group>"; };
		BBFC3FF819DB78B7005BC006 /* AppDelegate.m */ = {isa = PBXFileReference; lastKnownFileType = sourcecode.c.objc; path = AppDelegate.m; sourceTree = "<group>"; };
		BBFC3FFA19DB78B7005BC006 /* ViewController.h */ = {isa = PBXFileReference; lastKnownFileType = sourcecode.c.h; path = ViewController.h; sourceTree = "<group>"; };
		BBFC3FFB19DB78B7005BC006 /* ViewController.m */ = {isa = PBXFileReference; lastKnownFileType = sourcecode.c.objc; path = ViewController.m; sourceTree = "<group>"; };
		BBFC3FFE19DB78B7005BC006 /* Base */ = {isa = PBXFileReference; lastKnownFileType = file.storyboard; name = Base; path = Base.lproj/Main.storyboard; sourceTree = "<group>"; };
		BBFC400019DB78B7005BC006 /* Images.xcassets */ = {isa = PBXFileReference; lastKnownFileType = folder.assetcatalog; path = Images.xcassets; sourceTree = "<group>"; };
		BBFC400319DB78B7005BC006 /* Base */ = {isa = PBXFileReference; lastKnownFileType = file.xib; name = Base; path = Base.lproj/LaunchScreen.xib; sourceTree = "<group>"; };
		BBFC400919DB78B7005BC006 /* MapExampleTests.xctest */ = {isa = PBXFileReference; explicitFileType = wrapper.cfbundle; includeInIndex = 0; path = MapExampleTests.xctest; sourceTree = BUILT_PRODUCTS_DIR; };
		BBFC400E19DB78B7005BC006 /* Info.plist */ = {isa = PBXFileReference; lastKnownFileType = text.plist.xml; path = Info.plist; sourceTree = "<group>"; };
		BBFC400F19DB78B7005BC006 /* MapExampleTests.m */ = {isa = PBXFileReference; lastKnownFileType = sourcecode.c.objc; path = MapExampleTests.m; sourceTree = "<group>"; };
/* End PBXFileReference section */

/* Begin PBXFrameworksBuildPhase section */
		BBFC3FED19DB78B6005BC006 /* Frameworks */ = {
			isa = PBXFrameworksBuildPhase;
			buildActionMask = 2147483647;
			files = (
			);
			runOnlyForDeploymentPostprocessing = 0;
		};
		BBFC400619DB78B7005BC006 /* Frameworks */ = {
			isa = PBXFrameworksBuildPhase;
			buildActionMask = 2147483647;
			files = (
			);
			runOnlyForDeploymentPostprocessing = 0;
		};
/* End PBXFrameworksBuildPhase section */

/* Begin PBXGroup section */
		BBFC3FE719DB78B6005BC006 = {
			isa = PBXGroup;
			children = (
				BBFC3FF219DB78B6005BC006 /* MapExample */,
				BBFC400C19DB78B7005BC006 /* MapExampleTests */,
				BBFC3FF119DB78B6005BC006 /* Products */,
			);
			sourceTree = "<group>";
		};
		BBFC3FF119DB78B6005BC006 /* Products */ = {
			isa = PBXGroup;
			children = (
				BBFC3FF019DB78B6005BC006 /* MapExample.app */,
				BBFC400919DB78B7005BC006 /* MapExampleTests.xctest */,
			);
			name = Products;
			sourceTree = "<group>";
		};
		BBFC3FF219DB78B6005BC006 /* MapExample */ = {
			isa = PBXGroup;
			children = (
				BBFC3FF719DB78B6005BC006 /* AppDelegate.h */,
				BBFC3FF819DB78B7005BC006 /* AppDelegate.m */,
				BBFC3FFA19DB78B7005BC006 /* ViewController.h */,
				BBFC3FFB19DB78B7005BC006 /* ViewController.m */,
				BBFC3FFD19DB78B7005BC006 /* Main.storyboard */,
				BBFC400019DB78B7005BC006 /* Images.xcassets */,
				BBFC400219DB78B7005BC006 /* LaunchScreen.xib */,
				BBFC3FF319DB78B6005BC006 /* Supporting Files */,
			);
			path = MapExample;
			sourceTree = "<group>";
		};
		BBFC3FF319DB78B6005BC006 /* Supporting Files */ = {
			isa = PBXGroup;
			children = (
				BBFC3FF419DB78B6005BC006 /* Info.plist */,
				BBFC3FF519DB78B6005BC006 /* main.m */,
			);
			name = "Supporting Files";
			sourceTree = "<group>";
		};
		BBFC400C19DB78B7005BC006 /* MapExampleTests */ = {
			isa = PBXGroup;
			children = (
				BBFC400F19DB78B7005BC006 /* MapExampleTests.m */,
				BBFC400D19DB78B7005BC006 /* Supporting Files */,
			);
			path = MapExampleTests;
			sourceTree = "<group>";
		};
		BBFC400D19DB78B7005BC006 /* Supporting Files */ = {
			isa = PBXGroup;
			children = (
				BBFC400E19DB78B7005BC006 /* Info.plist */,
			);
			name = "Supporting Files";
			sourceTree = "<group>";
		};
/* End PBXGroup section */

/* Begin PBXNativeTarget section */
		BBFC3FEF19DB78B6005BC006 /* MapExample */ = {
			isa = PBXNativeTarget;
			buildConfigurationList = BBFC401319DB78B7005BC006 /* Build configuration list for PBXNativeTarget "MapExample" */;
			buildPhases = (
				BBFC3FEC19DB78B6005BC006 /* Sources */,
				BBFC3FED19DB78B6005BC006 /* Frameworks */,
				BBFC3FEE19DB78B6005BC006 /* Resources */,
			);
			buildRules = (
			);
			dependencies = (
			);
			name = MapExample;
			productName = MapExample;
			productReference = BBFC3FF019DB78B6005BC006 /* MapExample.app */;
			productType = "com.apple.product-type.application";
		};
		BBFC400819DB78B7005BC006 /* MapExampleTests */ = {
			isa = PBXNativeTarget;
			buildConfigurationList = BBFC401619DB78B7005BC006 /* Build configuration list for PBXNativeTarget "MapExampleTests" */;
			buildPhases = (
				BBFC400519DB78B7005BC006 /* Sources */,
				BBFC400619DB78B7005BC006 /* Frameworks */,
				BBFC400719DB78B7005BC006 /* Resources */,
			);
			buildRules = (
			);
			dependencies = (
				BBFC400B19DB78B7005BC006 /* PBXTargetDependency */,
			);
			name = MapExampleTests;
			productName = MapExampleTests;
			productReference = BBFC400919DB78B7005BC006 /* MapExampleTests.xctest */;
			productType = "com.apple.product-type.bundle.unit-test";
		};
/* End PBXNativeTarget section */

/* Begin PBXProject section */
		BBFC3FE819DB78B6005BC006 /* Project object */ = {
			isa = PBXProject;
			attributes = {
				LastUpgradeCheck = 0600;
				ORGANIZATIONNAME = Yukti;
				TargetAttributes = {
					BBFC3FEF19DB78B6005BC006 = {
						CreatedOnToolsVersion = 6.0.1;
					};
					BBFC400819DB78B7005BC006 = {
						CreatedOnToolsVersion = 6.0.1;
						TestTargetID = BBFC3FEF19DB78B6005BC006;
					};
				};
			};
			buildConfigurationList = BBFC3FEB19DB78B6005BC006 /* Build configuration list for PBXProject "MapExample" */;
			compatibilityVersion = "Xcode 3.2";
			developmentRegion = English;
			hasScannedForEncodings = 0;
			knownRegions = (
				en,
				Base,
			);
			mainGroup = BBFC3FE719DB78B6005BC006;
			productRefGroup = BBFC3FF119DB78B6005BC006 /* Products */;
			projectDirPath = "";
			projectRoot = "";
			targets = (
				BBFC3FEF19DB78B6005BC006 /* MapExample */,
				BBFC400819DB78B7005BC006 /* MapExampleTests */,
			);
		};
/* End PBXProject section */

/* Begin PBXResourcesBuildPhase section */
		BBFC3FEE19DB78B6005BC006 /* Resources */ = {
			isa = PBXResourcesBuildPhase;
			buildActionMask = 2147483647;
			files = (
				BBFC3FFF19DB78B7005BC006 /* Main.storyboard in Resources */,
				BBFC400419DB78B7005BC006 /* LaunchScreen.xib in Resources */,
				BBFC400119DB78B7005BC006 /* Images.xcassets in Resources */,
			);
			runOnlyForDeploymentPostprocessing = 0;
		};
		BBFC400719DB78B7005BC006 /* Resources */ = {
			isa = PBXResourcesBuildPhase;
			buildActionMask = 2147483647;
			files = (
			);
			runOnlyForDeploymentPostprocessing = 0;
		};
/* End PBXResourcesBuildPhase section */

/* Begin PBXSourcesBuildPhase section */
		BBFC3FEC19DB78B6005BC006 /* Sources */ = {
			isa = PBXSourcesBuildPhase;
			buildActionMask = 2147483647;
			files = (
				BBFC3FFC19DB78B7005BC006 /* ViewController.m in Sources */,
				BBFC3FF919DB78B7005BC006 /* AppDelegate.m in Sources */,
				BBFC3FF619DB78B6005BC006 /* main.m in Sources */,
			);
			runOnlyForDeploymentPostprocessing = 0;
		};
		BBFC400519DB78B7005BC006 /* Sources */ = {
			isa = PBXSourcesBuildPhase;
			buildActionMask = 2147483647;
			files = (
				BBFC401019DB78B7005BC006 /* MapExampleTests.m in Sources */,
			);
			runOnlyForDeploymentPostprocessing = 0;
		};
/* End PBXSourcesBuildPhase section */

/* Begin PBXTargetDependency section */
		BBFC400B19DB78B7005BC006 /* PBXTargetDependency */ = {
			isa = PBXTargetDependency;
			target = BBFC3FEF19DB78B6005BC006 /* MapExample */;
			targetProxy = BBFC400A19DB78B7005BC006 /* PBXContainerItemProxy */;
		};
/* End PBXTargetDependency section */

/* Begin PBXVariantGroup section */
		BBFC3FFD19DB78B7005BC006 /* Main.storyboard */ = {
			isa = PBXVariantGroup;
			children = (
				BBFC3FFE19DB78B7005BC006 /* Base */,
			);
			name = Main.storyboard;
			sourceTree = "<group>";
		};
		BBFC400219DB78B7005BC006 /* LaunchScreen.xib */ = {
			isa = PBXVariantGroup;
			children = (
				BBFC400319DB78B7005BC006 /* Base */,
			);
			name = LaunchScreen.xib;
			sourceTree = "<group>";
		};
/* End PBXVariantGroup section */

/* Begin XCBuildConfiguration section */
		BBFC401119DB78B7005BC006 /* Debug */ = {
			isa = XCBuildConfiguration;
			buildSettings = {
				ALWAYS_SEARCH_USER_PATHS = NO;
				CLANG_CXX_LANGUAGE_STANDARD = "gnu++0x";
				CLANG_CXX_LIBRARY = "libc++";
				CLANG_ENABLE_MODULES = YES;
				CLANG_ENABLE_OBJC_ARC = YES;
				CLANG_WARN_BOOL_CONVERSION = YES;
				CLANG_WARN_CONSTANT_CONVERSION = YES;
				CLANG_WARN_DIRECT_OBJC_ISA_USAGE = YES_ERROR;
				CLANG_WARN_EMPTY_BODY = YES;
				CLANG_WARN_ENUM_CONVERSION = YES;
				CLANG_WARN_INT_CONVERSION = YES;
				CLANG_WARN_OBJC_ROOT_CLASS = YES_ERROR;
				CLANG_WARN_UNREACHABLE_CODE = YES;
				CLANG_WARN__DUPLICATE_METHOD_MATCH = YES;
				"CODE_SIGN_IDENTITY[sdk=iphoneos*]" = "iPhone Developer";
				COPY_PHASE_STRIP = NO;
				ENABLE_STRICT_OBJC_MSGSEND = YES;
				GCC_C_LANGUAGE_STANDARD = gnu99;
				GCC_DYNAMIC_NO_PIC = NO;
				GCC_OPTIMIZATION_LEVEL = 0;
				GCC_PREPROCESSOR_DEFINITIONS = (
					"DEBUG=1",
					"$(inherited)",
				);
				GCC_SYMBOLS_PRIVATE_EXTERN = NO;
				GCC_WARN_64_TO_32_BIT_CONVERSION = YES;
				GCC_WARN_ABOUT_RETURN_TYPE = YES_ERROR;
				GCC_WARN_UNDECLARED_SELECTOR = YES;
				GCC_WARN_UNINITIALIZED_AUTOS = YES_AGGRESSIVE;
				GCC_WARN_UNUSED_FUNCTION = YES;
				GCC_WARN_UNUSED_VARIABLE = YES;
				IPHONEOS_DEPLOYMENT_TARGET = 8.0;
				MTL_ENABLE_DEBUG_INFO = YES;
				ONLY_ACTIVE_ARCH = YES;
				SDKROOT = iphoneos;
			};
			name = Debug;
		};
		BBFC401219DB78B7005BC006 /* Release */ = {
			isa = XCBuildConfiguration;
			buildSettings = {
				ALWAYS_SEARCH_USER_PATHS = NO;
				CLANG_CXX_LANGUAGE_STANDARD = "gnu++0x";
				CLANG_CXX_LIBRARY = "libc++";
				CLANG_ENABLE_MODULES = YES;
				CLANG_ENABLE_OBJC_ARC = YES;
				CLANG_WARN_BOOL_CONVERSION = YES;
				CLANG_WARN_CONSTANT_CONVERSION = YES;
				CLANG_WARN_DIRECT_OBJC_ISA_USAGE = YES_ERROR;
				CLANG_WARN_EMPTY_BODY = YES;
				CLANG_WARN_ENUM_CONVERSION = YES;
				CLANG_WARN_INT_CONVERSION = YES;
				CLANG_WARN_OBJC_ROOT_CLASS = YES_ERROR;
				CLANG_WARN_UNREACHABLE_CODE = YES;
				CLANG_WARN__DUPLICATE_METHOD_MATCH = YES;
				"CODE_SIGN_IDENTITY[sdk=iphoneos*]" = "iPhone Developer";
				COPY_PHASE_STRIP = YES;
				ENABLE_NS_ASSERTIONS = NO;
				ENABLE_STRICT_OBJC_MSGSEND = YES;
				GCC_C_LANGUAGE_STANDARD = gnu99;
				GCC_WARN_64_TO_32_BIT_CONVERSION = YES;
				GCC_WARN_ABOUT_RETURN_TYPE = YES_ERROR;
				GCC_WARN_UNDECLARED_SELECTOR = YES;
				GCC_WARN_UNINITIALIZED_AUTOS = YES_AGGRESSIVE;
				GCC_WARN_UNUSED_FUNCTION = YES;
				GCC_WARN_UNUSED_VARIABLE = YES;
				IPHONEOS_DEPLOYMENT_TARGET = 8.0;
				MTL_ENABLE_DEBUG_INFO = NO;
				SDKROOT = iphoneos;
				VALIDATE_PRODUCT = YES;
			};
			name = Release;
		};
		BBFC401419DB78B7005BC006 /* Debug */ = {
			isa = XCBuildConfiguration;
			buildSettings = {
				ASSETCATALOG_COMPILER_APPICON_NAME = AppIcon;
				INFOPLIST_FILE = MapExample/Info.plist;
				LD_RUNPATH_SEARCH_PATHS = "$(inherited) @executable_path/Frameworks";
				PRODUCT_NAME = "$(TARGET_NAME)";
			};
			name = Debug;
		};
		BBFC401519DB78B7005BC006 /* Release */ = {
			isa = XCBuildConfiguration;
			buildSettings = {
				ASSETCATALOG_COMPILER_APPICON_NAME = AppIcon;
				INFOPLIST_FILE = MapExample/Info.plist;
				LD_RUNPATH_SEARCH_PATHS = "$(inherited) @executable_path/Frameworks";
				PRODUCT_NAME = "$(TARGET_NAME)";
			};
			name = Release;
		};
		BBFC401719DB78B7005BC006 /* Debug */ = {
			isa = XCBuildConfiguration;
			buildSettings = {
				BUNDLE_LOADER = "$(TEST_HOST)";
				FRAMEWORK_SEARCH_PATHS = (
					"$(SDKROOT)/Developer/Library/Frameworks",
					"$(inherited)",
				);
				GCC_PREPROCESSOR_DEFINITIONS = (
					"DEBUG=1",
					"$(inherited)",
				);
				INFOPLIST_FILE = MapExampleTests/Info.plist;
				LD_RUNPATH_SEARCH_PATHS = "$(inherited) @executable_path/Frameworks @loader_path/Frameworks";
				PRODUCT_NAME = "$(TARGET_NAME)";
				TEST_HOST = "$(BUILT_PRODUCTS_DIR)/MapExample.app/MapExample";
			};
			name = Debug;
		};
		BBFC401819DB78B7005BC006 /* Release */ = {
			isa = XCBuildConfiguration;
			buildSettings = {
				BUNDLE_LOADER = "$(TEST_HOST)";
				FRAMEWORK_SEARCH_PATHS = (
					"$(SDKROOT)/Developer/Library/Frameworks",
					"$(inherited)",
				);
				INFOPLIST_FILE = MapExampleTests/Info.plist;
				LD_RUNPATH_SEARCH_PATHS = "$(inherited) @executable_path/Frameworks @loader_path/Frameworks";
				PRODUCT_NAME = "$(TARGET_NAME)";
				TEST_HOST = "$(BUILT_PRODUCTS_DIR)/MapExample.app/MapExample";
			};
			name = Release;
		};
/* End XCBuildConfiguration section */

/* Begin XCConfigurationList section */
		BBFC3FEB19DB78B6005BC006 /* Build configuration list for PBXProject "MapExample" */ = {
			isa = XCConfigurationList;
			buildConfigurations = (
				BBFC401119DB78B7005BC006 /* Debug */,
				BBFC401219DB78B7005BC006 /* Release */,
			);
			defaultConfigurationIsVisible = 0;
			defaultConfigurationName = Release;
		};
		BBFC401319DB78B7005BC006 /* Build configuration list for PBXNativeTarget "MapExample" */ = {
			isa = XCConfigurationList;
			buildConfigurations = (
				BBFC401419DB78B7005BC006 /* Debug */,
				BBFC401519DB78B7005BC006 /* Release */,
			);
			defaultConfigurationIsVisible = 0;
		};
		BBFC401619DB78B7005BC006 /* Build configuration list for PBXNativeTarget "MapExampleTests" */ = {
			isa = XCConfigurationList;
			buildConfigurations = (
				BBFC401719DB78B7005BC006 /* Debug */,
				BBFC401819DB78B7005BC006 /* Release */,
			);
			defaultConfigurationIsVisible = 0;
		};
/* End XCConfigurationList section */
	};
	rootObject = BBFC3FE819DB78B6005BC006 /* Project object */;
}
