// !$*UTF8*$!
{
	archiveVersion = 1;
	classes = {
	};
	objectVersion = 46;
	objects = {

/* Begin PBXBuildFile section */
		BBF1858F19FC477A00A6F8DC /* main.m in Sources */ = {isa = PBXBuildFile; fileRef = BBF1858E19FC477A00A6F8DC /* main.m */; };
		BBF1859219FC477A00A6F8DC /* AppDelegate.m in Sources */ = {isa = PBXBuildFile; fileRef = BBF1859119FC477A00A6F8DC /* AppDelegate.m */; };
		BBF1859519FC477A00A6F8DC /* FirstViewController.m in Sources */ = {isa = PBXBuildFile; fileRef = BBF1859419FC477A00A6F8DC /* FirstViewController.m */; };
		BBF1859819FC477A00A6F8DC /* SecondViewController.m in Sources */ = {isa = PBXBuildFile; fileRef = BBF1859719FC477A00A6F8DC /* SecondViewController.m */; };
		BBF1859B19FC477A00A6F8DC /* Main.storyboard in Resources */ = {isa = PBXBuildFile; fileRef = BBF1859919FC477A00A6F8DC /* Main.storyboard */; };
		BBF1859D19FC477B00A6F8DC /* Images.xcassets in Resources */ = {isa = PBXBuildFile; fileRef = BBF1859C19FC477B00A6F8DC /* Images.xcassets */; };
		BBF185A019FC477B00A6F8DC /* LaunchScreen.xib in Resources */ = {isa = PBXBuildFile; fileRef = BBF1859E19FC477B00A6F8DC /* LaunchScreen.xib */; };
		BBF185AC19FC477B00A6F8DC /* PokedexTests.m in Sources */ = {isa = PBXBuildFile; fileRef = BBF185AB19FC477B00A6F8DC /* PokedexTests.m */; };
		BBF185B719FC4A4200A6F8DC /* LoginController.m in Sources */ = {isa = PBXBuildFile; fileRef = BBF185B619FC4A4200A6F8DC /* LoginController.m */; };
		BBF185BA19FC4F9300A6F8DC /* SignUpController.m in Sources */ = {isa = PBXBuildFile; fileRef = BBF185B919FC4F9300A6F8DC /* SignUpController.m */; };
/* End PBXBuildFile section */

/* Begin PBXContainerItemProxy section */
		BBF185A619FC477B00A6F8DC /* PBXContainerItemProxy */ = {
			isa = PBXContainerItemProxy;
			containerPortal = BBF1858119FC477A00A6F8DC /* Project object */;
			proxyType = 1;
			remoteGlobalIDString = BBF1858819FC477A00A6F8DC;
			remoteInfo = Pokedex;
		};
/* End PBXContainerItemProxy section */

/* Begin PBXFileReference section */
		BBF1858919FC477A00A6F8DC /* Pokedex.app */ = {isa = PBXFileReference; explicitFileType = wrapper.application; includeInIndex = 0; path = Pokedex.app; sourceTree = BUILT_PRODUCTS_DIR; };
		BBF1858D19FC477A00A6F8DC /* Info.plist */ = {isa = PBXFileReference; lastKnownFileType = text.plist.xml; path = Info.plist; sourceTree = "<group>"; };
		BBF1858E19FC477A00A6F8DC /* main.m */ = {isa = PBXFileReference; lastKnownFileType = sourcecode.c.objc; path = main.m; sourceTree = "<group>"; };
		BBF1859019FC477A00A6F8DC /* AppDelegate.h */ = {isa = PBXFileReference; lastKnownFileType = sourcecode.c.h; path = AppDelegate.h; sourceTree = "<group>"; };
		BBF1859119FC477A00A6F8DC /* AppDelegate.m */ = {isa = PBXFileReference; lastKnownFileType = sourcecode.c.objc; path = AppDelegate.m; sourceTree = "<group>"; };
		BBF1859319FC477A00A6F8DC /* FirstViewController.h */ = {isa = PBXFileReference; lastKnownFileType = sourcecode.c.h; path = FirstViewController.h; sourceTree = "<group>"; };
		BBF1859419FC477A00A6F8DC /* FirstViewController.m */ = {isa = PBXFileReference; lastKnownFileType = sourcecode.c.objc; path = FirstViewController.m; sourceTree = "<group>"; };
		BBF1859619FC477A00A6F8DC /* SecondViewController.h */ = {isa = PBXFileReference; lastKnownFileType = sourcecode.c.h; path = SecondViewController.h; sourceTree = "<group>"; };
		BBF1859719FC477A00A6F8DC /* SecondViewController.m */ = {isa = PBXFileReference; lastKnownFileType = sourcecode.c.objc; path = SecondViewController.m; sourceTree = "<group>"; };
		BBF1859A19FC477A00A6F8DC /* Base */ = {isa = PBXFileReference; lastKnownFileType = file.storyboard; name = Base; path = Base.lproj/Main.storyboard; sourceTree = "<group>"; };
		BBF1859C19FC477B00A6F8DC /* Images.xcassets */ = {isa = PBXFileReference; lastKnownFileType = folder.assetcatalog; path = Images.xcassets; sourceTree = "<group>"; };
		BBF1859F19FC477B00A6F8DC /* Base */ = {isa = PBXFileReference; lastKnownFileType = file.xib; name = Base; path = Base.lproj/LaunchScreen.xib; sourceTree = "<group>"; };
		BBF185A519FC477B00A6F8DC /* PokedexTests.xctest */ = {isa = PBXFileReference; explicitFileType = wrapper.cfbundle; includeInIndex = 0; path = PokedexTests.xctest; sourceTree = BUILT_PRODUCTS_DIR; };
		BBF185AA19FC477B00A6F8DC /* Info.plist */ = {isa = PBXFileReference; lastKnownFileType = text.plist.xml; path = Info.plist; sourceTree = "<group>"; };
		BBF185AB19FC477B00A6F8DC /* PokedexTests.m */ = {isa = PBXFileReference; lastKnownFileType = sourcecode.c.objc; path = PokedexTests.m; sourceTree = "<group>"; };
		BBF185B519FC4A4200A6F8DC /* LoginController.h */ = {isa = PBXFileReference; fileEncoding = 4; lastKnownFileType = sourcecode.c.h; path = LoginController.h; sourceTree = "<group>"; };
		BBF185B619FC4A4200A6F8DC /* LoginController.m */ = {isa = PBXFileReference; fileEncoding = 4; lastKnownFileType = sourcecode.c.objc; path = LoginController.m; sourceTree = "<group>"; };
		BBF185B819FC4F9300A6F8DC /* SignUpController.h */ = {isa = PBXFileReference; fileEncoding = 4; lastKnownFileType = sourcecode.c.h; path = SignUpController.h; sourceTree = "<group>"; };
		BBF185B919FC4F9300A6F8DC /* SignUpController.m */ = {isa = PBXFileReference; fileEncoding = 4; lastKnownFileType = sourcecode.c.objc; path = SignUpController.m; sourceTree = "<group>"; };
/* End PBXFileReference section */

/* Begin PBXFrameworksBuildPhase section */
		BBF1858619FC477A00A6F8DC /* Frameworks */ = {
			isa = PBXFrameworksBuildPhase;
			buildActionMask = 2147483647;
			files = (
			);
			runOnlyForDeploymentPostprocessing = 0;
		};
		BBF185A219FC477B00A6F8DC /* Frameworks */ = {
			isa = PBXFrameworksBuildPhase;
			buildActionMask = 2147483647;
			files = (
			);
			runOnlyForDeploymentPostprocessing = 0;
		};
/* End PBXFrameworksBuildPhase section */

/* Begin PBXGroup section */
		BBF1858019FC477A00A6F8DC = {
			isa = PBXGroup;
			children = (
				BBF1858B19FC477A00A6F8DC /* Pokedex */,
				BBF185A819FC477B00A6F8DC /* PokedexTests */,
				BBF1858A19FC477A00A6F8DC /* Products */,
			);
			sourceTree = "<group>";
		};
		BBF1858A19FC477A00A6F8DC /* Products */ = {
			isa = PBXGroup;
			children = (
				BBF1858919FC477A00A6F8DC /* Pokedex.app */,
				BBF185A519FC477B00A6F8DC /* PokedexTests.xctest */,
			);
			name = Products;
			sourceTree = "<group>";
		};
		BBF1858B19FC477A00A6F8DC /* Pokedex */ = {
			isa = PBXGroup;
			children = (
				BBF1859019FC477A00A6F8DC /* AppDelegate.h */,
				BBF1859119FC477A00A6F8DC /* AppDelegate.m */,
				BBF1859319FC477A00A6F8DC /* FirstViewController.h */,
				BBF185B519FC4A4200A6F8DC /* LoginController.h */,
				BBF185B619FC4A4200A6F8DC /* LoginController.m */,
				BBF185B819FC4F9300A6F8DC /* SignUpController.h */,
				BBF185B919FC4F9300A6F8DC /* SignUpController.m */,
				BBF1859419FC477A00A6F8DC /* FirstViewController.m */,
				BBF1859619FC477A00A6F8DC /* SecondViewController.h */,
				BBF1859719FC477A00A6F8DC /* SecondViewController.m */,
				BBF1859919FC477A00A6F8DC /* Main.storyboard */,
				BBF1859C19FC477B00A6F8DC /* Images.xcassets */,
				BBF1859E19FC477B00A6F8DC /* LaunchScreen.xib */,
				BBF1858C19FC477A00A6F8DC /* Supporting Files */,
			);
			path = Pokedex;
			sourceTree = "<group>";
		};
		BBF1858C19FC477A00A6F8DC /* Supporting Files */ = {
			isa = PBXGroup;
			children = (
				BBF1858D19FC477A00A6F8DC /* Info.plist */,
				BBF1858E19FC477A00A6F8DC /* main.m */,
			);
			name = "Supporting Files";
			sourceTree = "<group>";
		};
		BBF185A819FC477B00A6F8DC /* PokedexTests */ = {
			isa = PBXGroup;
			children = (
				BBF185AB19FC477B00A6F8DC /* PokedexTests.m */,
				BBF185A919FC477B00A6F8DC /* Supporting Files */,
			);
			path = PokedexTests;
			sourceTree = "<group>";
		};
		BBF185A919FC477B00A6F8DC /* Supporting Files */ = {
			isa = PBXGroup;
			children = (
				BBF185AA19FC477B00A6F8DC /* Info.plist */,
			);
			name = "Supporting Files";
			sourceTree = "<group>";
		};
/* End PBXGroup section */

/* Begin PBXNativeTarget section */
		BBF1858819FC477A00A6F8DC /* Pokedex */ = {
			isa = PBXNativeTarget;
			buildConfigurationList = BBF185AF19FC477B00A6F8DC /* Build configuration list for PBXNativeTarget "Pokedex" */;
			buildPhases = (
				BBF1858519FC477A00A6F8DC /* Sources */,
				BBF1858619FC477A00A6F8DC /* Frameworks */,
				BBF1858719FC477A00A6F8DC /* Resources */,
			);
			buildRules = (
			);
			dependencies = (
			);
			name = Pokedex;
			productName = Pokedex;
			productReference = BBF1858919FC477A00A6F8DC /* Pokedex.app */;
			productType = "com.apple.product-type.application";
		};
		BBF185A419FC477B00A6F8DC /* PokedexTests */ = {
			isa = PBXNativeTarget;
			buildConfigurationList = BBF185B219FC477B00A6F8DC /* Build configuration list for PBXNativeTarget "PokedexTests" */;
			buildPhases = (
				BBF185A119FC477B00A6F8DC /* Sources */,
				BBF185A219FC477B00A6F8DC /* Frameworks */,
				BBF185A319FC477B00A6F8DC /* Resources */,
			);
			buildRules = (
			);
			dependencies = (
				BBF185A719FC477B00A6F8DC /* PBXTargetDependency */,
			);
			name = PokedexTests;
			productName = PokedexTests;
			productReference = BBF185A519FC477B00A6F8DC /* PokedexTests.xctest */;
			productType = "com.apple.product-type.bundle.unit-test";
		};
/* End PBXNativeTarget section */

/* Begin PBXProject section */
		BBF1858119FC477A00A6F8DC /* Project object */ = {
			isa = PBXProject;
			attributes = {
				LastUpgradeCheck = 0600;
				ORGANIZATIONNAME = Yukti;
				TargetAttributes = {
					BBF1858819FC477A00A6F8DC = {
						CreatedOnToolsVersion = 6.0.1;
					};
					BBF185A419FC477B00A6F8DC = {
						CreatedOnToolsVersion = 6.0.1;
						TestTargetID = BBF1858819FC477A00A6F8DC;
					};
				};
			};
			buildConfigurationList = BBF1858419FC477A00A6F8DC /* Build configuration list for PBXProject "Pokedex" */;
			compatibilityVersion = "Xcode 3.2";
			developmentRegion = English;
			hasScannedForEncodings = 0;
			knownRegions = (
				en,
				Base,
			);
			mainGroup = BBF1858019FC477A00A6F8DC;
			productRefGroup = BBF1858A19FC477A00A6F8DC /* Products */;
			projectDirPath = "";
			projectRoot = "";
			targets = (
				BBF1858819FC477A00A6F8DC /* Pokedex */,
				BBF185A419FC477B00A6F8DC /* PokedexTests */,
			);
		};
/* End PBXProject section */

/* Begin PBXResourcesBuildPhase section */
		BBF1858719FC477A00A6F8DC /* Resources */ = {
			isa = PBXResourcesBuildPhase;
			buildActionMask = 2147483647;
			files = (
				BBF1859B19FC477A00A6F8DC /* Main.storyboard in Resources */,
				BBF185A019FC477B00A6F8DC /* LaunchScreen.xib in Resources */,
				BBF1859D19FC477B00A6F8DC /* Images.xcassets in Resources */,
			);
			runOnlyForDeploymentPostprocessing = 0;
		};
		BBF185A319FC477B00A6F8DC /* Resources */ = {
			isa = PBXResourcesBuildPhase;
			buildActionMask = 2147483647;
			files = (
			);
			runOnlyForDeploymentPostprocessing = 0;
		};
/* End PBXResourcesBuildPhase section */

/* Begin PBXSourcesBuildPhase section */
		BBF1858519FC477A00A6F8DC /* Sources */ = {
			isa = PBXSourcesBuildPhase;
			buildActionMask = 2147483647;
			files = (
				BBF185B719FC4A4200A6F8DC /* LoginController.m in Sources */,
				BBF1859819FC477A00A6F8DC /* SecondViewController.m in Sources */,
				BBF1859219FC477A00A6F8DC /* AppDelegate.m in Sources */,
				BBF1859519FC477A00A6F8DC /* FirstViewController.m in Sources */,
				BBF1858F19FC477A00A6F8DC /* main.m in Sources */,
				BBF185BA19FC4F9300A6F8DC /* SignUpController.m in Sources */,
			);
			runOnlyForDeploymentPostprocessing = 0;
		};
		BBF185A119FC477B00A6F8DC /* Sources */ = {
			isa = PBXSourcesBuildPhase;
			buildActionMask = 2147483647;
			files = (
				BBF185AC19FC477B00A6F8DC /* PokedexTests.m in Sources */,
			);
			runOnlyForDeploymentPostprocessing = 0;
		};
/* End PBXSourcesBuildPhase section */

/* Begin PBXTargetDependency section */
		BBF185A719FC477B00A6F8DC /* PBXTargetDependency */ = {
			isa = PBXTargetDependency;
			target = BBF1858819FC477A00A6F8DC /* Pokedex */;
			targetProxy = BBF185A619FC477B00A6F8DC /* PBXContainerItemProxy */;
		};
/* End PBXTargetDependency section */

/* Begin PBXVariantGroup section */
		BBF1859919FC477A00A6F8DC /* Main.storyboard */ = {
			isa = PBXVariantGroup;
			children = (
				BBF1859A19FC477A00A6F8DC /* Base */,
			);
			name = Main.storyboard;
			sourceTree = "<group>";
		};
		BBF1859E19FC477B00A6F8DC /* LaunchScreen.xib */ = {
			isa = PBXVariantGroup;
			children = (
				BBF1859F19FC477B00A6F8DC /* Base */,
			);
			name = LaunchScreen.xib;
			sourceTree = "<group>";
		};
/* End PBXVariantGroup section */

/* Begin XCBuildConfiguration section */
		BBF185AD19FC477B00A6F8DC /* Debug */ = {
			isa = XCBuildConfiguration;
			buildSettings = {
				ALWAYS_SEARCH_USER_PATHS = NO;
				CLANG_CXX_LANGUAGE_STANDARD = "gnu++0x";
				CLANG_CXX_LIBRARY = "libc++";
				CLANG_ENABLE_MODULES = YES;
				CLANG_ENABLE_OBJC_ARC = YES;
				CLANG_WARN_BOOL_CONVERSION = YES;
				CLANG_WARN_CONSTANT_CONVERSION = YES;
				CLANG_WARN_DIRECT_OBJC_ISA_USAGE = YES_ERROR;
				CLANG_WARN_EMPTY_BODY = YES;
				CLANG_WARN_ENUM_CONVERSION = YES;
				CLANG_WARN_INT_CONVERSION = YES;
				CLANG_WARN_OBJC_ROOT_CLASS = YES_ERROR;
				CLANG_WARN_UNREACHABLE_CODE = YES;
				CLANG_WARN__DUPLICATE_METHOD_MATCH = YES;
				"CODE_SIGN_IDENTITY[sdk=iphoneos*]" = "iPhone Developer";
				COPY_PHASE_STRIP = NO;
				ENABLE_STRICT_OBJC_MSGSEND = YES;
				GCC_C_LANGUAGE_STANDARD = gnu99;
				GCC_DYNAMIC_NO_PIC = NO;
				GCC_OPTIMIZATION_LEVEL = 0;
				GCC_PREPROCESSOR_DEFINITIONS = (
					"DEBUG=1",
					"$(inherited)",
				);
				GCC_SYMBOLS_PRIVATE_EXTERN = NO;
				GCC_WARN_64_TO_32_BIT_CONVERSION = YES;
				GCC_WARN_ABOUT_RETURN_TYPE = YES_ERROR;
				GCC_WARN_UNDECLARED_SELECTOR = YES;
				GCC_WARN_UNINITIALIZED_AUTOS = YES_AGGRESSIVE;
				GCC_WARN_UNUSED_FUNCTION = YES;
				GCC_WARN_UNUSED_VARIABLE = YES;
				IPHONEOS_DEPLOYMENT_TARGET = 8.0;
				MTL_ENABLE_DEBUG_INFO = YES;
				ONLY_ACTIVE_ARCH = YES;
				SDKROOT = iphoneos;
			};
			name = Debug;
		};
		BBF185AE19FC477B00A6F8DC /* Release */ = {
			isa = XCBuildConfiguration;
			buildSettings = {
				ALWAYS_SEARCH_USER_PATHS = NO;
				CLANG_CXX_LANGUAGE_STANDARD = "gnu++0x";
				CLANG_CXX_LIBRARY = "libc++";
				CLANG_ENABLE_MODULES = YES;
				CLANG_ENABLE_OBJC_ARC = YES;
				CLANG_WARN_BOOL_CONVERSION = YES;
				CLANG_WARN_CONSTANT_CONVERSION = YES;
				CLANG_WARN_DIRECT_OBJC_ISA_USAGE = YES_ERROR;
				CLANG_WARN_EMPTY_BODY = YES;
				CLANG_WARN_ENUM_CONVERSION = YES;
				CLANG_WARN_INT_CONVERSION = YES;
				CLANG_WARN_OBJC_ROOT_CLASS = YES_ERROR;
				CLANG_WARN_UNREACHABLE_CODE = YES;
				CLANG_WARN__DUPLICATE_METHOD_MATCH = YES;
				"CODE_SIGN_IDENTITY[sdk=iphoneos*]" = "iPhone Developer";
				COPY_PHASE_STRIP = YES;
				ENABLE_NS_ASSERTIONS = NO;
				ENABLE_STRICT_OBJC_MSGSEND = YES;
				GCC_C_LANGUAGE_STANDARD = gnu99;
				GCC_WARN_64_TO_32_BIT_CONVERSION = YES;
				GCC_WARN_ABOUT_RETURN_TYPE = YES_ERROR;
				GCC_WARN_UNDECLARED_SELECTOR = YES;
				GCC_WARN_UNINITIALIZED_AUTOS = YES_AGGRESSIVE;
				GCC_WARN_UNUSED_FUNCTION = YES;
				GCC_WARN_UNUSED_VARIABLE = YES;
				IPHONEOS_DEPLOYMENT_TARGET = 8.0;
				MTL_ENABLE_DEBUG_INFO = NO;
				SDKROOT = iphoneos;
				VALIDATE_PRODUCT = YES;
			};
			name = Release;
		};
		BBF185B019FC477B00A6F8DC /* Debug */ = {
			isa = XCBuildConfiguration;
			buildSettings = {
				ASSETCATALOG_COMPILER_APPICON_NAME = AppIcon;
				INFOPLIST_FILE = Pokedex/Info.plist;
				LD_RUNPATH_SEARCH_PATHS = "$(inherited) @executable_path/Frameworks";
				PRODUCT_NAME = "$(TARGET_NAME)";
			};
			name = Debug;
		};
		BBF185B119FC477B00A6F8DC /* Release */ = {
			isa = XCBuildConfiguration;
			buildSettings = {
				ASSETCATALOG_COMPILER_APPICON_NAME = AppIcon;
				INFOPLIST_FILE = Pokedex/Info.plist;
				LD_RUNPATH_SEARCH_PATHS = "$(inherited) @executable_path/Frameworks";
				PRODUCT_NAME = "$(TARGET_NAME)";
			};
			name = Release;
		};
		BBF185B319FC477B00A6F8DC /* Debug */ = {
			isa = XCBuildConfiguration;
			buildSettings = {
				BUNDLE_LOADER = "$(TEST_HOST)";
				FRAMEWORK_SEARCH_PATHS = (
					"$(SDKROOT)/Developer/Library/Frameworks",
					"$(inherited)",
				);
				GCC_PREPROCESSOR_DEFINITIONS = (
					"DEBUG=1",
					"$(inherited)",
				);
				INFOPLIST_FILE = PokedexTests/Info.plist;
				LD_RUNPATH_SEARCH_PATHS = "$(inherited) @executable_path/Frameworks @loader_path/Frameworks";
				PRODUCT_NAME = "$(TARGET_NAME)";
				TEST_HOST = "$(BUILT_PRODUCTS_DIR)/Pokedex.app/Pokedex";
			};
			name = Debug;
		};
		BBF185B419FC477B00A6F8DC /* Release */ = {
			isa = XCBuildConfiguration;
			buildSettings = {
				BUNDLE_LOADER = "$(TEST_HOST)";
				FRAMEWORK_SEARCH_PATHS = (
					"$(SDKROOT)/Developer/Library/Frameworks",
					"$(inherited)",
				);
				INFOPLIST_FILE = PokedexTests/Info.plist;
				LD_RUNPATH_SEARCH_PATHS = "$(inherited) @executable_path/Frameworks @loader_path/Frameworks";
				PRODUCT_NAME = "$(TARGET_NAME)";
				TEST_HOST = "$(BUILT_PRODUCTS_DIR)/Pokedex.app/Pokedex";
			};
			name = Release;
		};
/* End XCBuildConfiguration section */

/* Begin XCConfigurationList section */
		BBF1858419FC477A00A6F8DC /* Build configuration list for PBXProject "Pokedex" */ = {
			isa = XCConfigurationList;
			buildConfigurations = (
				BBF185AD19FC477B00A6F8DC /* Debug */,
				BBF185AE19FC477B00A6F8DC /* Release */,
			);
			defaultConfigurationIsVisible = 0;
			defaultConfigurationName = Release;
		};
		BBF185AF19FC477B00A6F8DC /* Build configuration list for PBXNativeTarget "Pokedex" */ = {
			isa = XCConfigurationList;
			buildConfigurations = (
				BBF185B019FC477B00A6F8DC /* Debug */,
				BBF185B119FC477B00A6F8DC /* Release */,
			);
			defaultConfigurationIsVisible = 0;
		};
		BBF185B219FC477B00A6F8DC /* Build configuration list for PBXNativeTarget "PokedexTests" */ = {
			isa = XCConfigurationList;
			buildConfigurations = (
				BBF185B319FC477B00A6F8DC /* Debug */,
				BBF185B419FC477B00A6F8DC /* Release */,
			);
			defaultConfigurationIsVisible = 0;
		};
/* End XCConfigurationList section */
	};
	rootObject = BBF1858119FC477A00A6F8DC /* Project object */;
}
